// !$*UTF8*$!
{
	archiveVersion = 1;
	classes = {
	};
	objectVersion = 51;
	objects = {

/* Begin PBXBuildFile section */
		FA0F220C241D06BA0087B96D /* UITabBarItem+Layout.swift in Sources */ = {isa = PBXBuildFile; fileRef = FA0F220B241D06BA0087B96D /* UITabBarItem+Layout.swift */; };
		FA0F220E241D0CEE0087B96D /* CGFloat+Degrees.swift in Sources */ = {isa = PBXBuildFile; fileRef = FA0F220D241D0CEE0087B96D /* CGFloat+Degrees.swift */; };
		FA2AD40E241ACF75004B2DEE /* BottomTabBarButton.swift in Sources */ = {isa = PBXBuildFile; fileRef = FA2AD40D241ACF75004B2DEE /* BottomTabBarButton.swift */; };
		FA56A71824180C8700FAC2CE /* AppDelegate.swift in Sources */ = {isa = PBXBuildFile; fileRef = FA56A71724180C8700FAC2CE /* AppDelegate.swift */; };
		FA56A71A24180C8700FAC2CE /* SceneDelegate.swift in Sources */ = {isa = PBXBuildFile; fileRef = FA56A71924180C8700FAC2CE /* SceneDelegate.swift */; };
		FA56A71C24180C8700FAC2CE /* BaseViewController.swift in Sources */ = {isa = PBXBuildFile; fileRef = FA56A71B24180C8700FAC2CE /* BaseViewController.swift */; };
		FA56A71F24180C8700FAC2CE /* Main.storyboard in Resources */ = {isa = PBXBuildFile; fileRef = FA56A71D24180C8700FAC2CE /* Main.storyboard */; settings = {ASSET_TAGS = (bottomTabBar, ); }; };
		FA56A72124180C8C00FAC2CE /* Assets.xcassets in Resources */ = {isa = PBXBuildFile; fileRef = FA56A72024180C8C00FAC2CE /* Assets.xcassets */; };
		FA56A72424180C8C00FAC2CE /* LaunchScreen.storyboard in Resources */ = {isa = PBXBuildFile; fileRef = FA56A72224180C8C00FAC2CE /* LaunchScreen.storyboard */; };
		FA56A7382418113200FAC2CE /* BaseNavigationController.swift in Sources */ = {isa = PBXBuildFile; fileRef = FA56A7372418113200FAC2CE /* BaseNavigationController.swift */; };
		FA730207241975EA00BFF567 /* ContainerView.swift in Sources */ = {isa = PBXBuildFile; fileRef = FA730206241975EA00BFF567 /* ContainerView.swift */; };
		FA7302092419762800BFF567 /* ContainerAssembly.swift in Sources */ = {isa = PBXBuildFile; fileRef = FA7302082419762800BFF567 /* ContainerAssembly.swift */; };
		FA73020E2419784200BFF567 /* BottomTabBarItem.swift in Sources */ = {isa = PBXBuildFile; fileRef = FA73020D2419784200BFF567 /* BottomTabBarItem.swift */; };
		FA7302102419785300BFF567 /* BottomTabBarItem.xib in Resources */ = {isa = PBXBuildFile; fileRef = FA73020F2419785300BFF567 /* BottomTabBarItem.xib */; };
		FA73021324197BA500BFF567 /* BottomTabBar.swift in Sources */ = {isa = PBXBuildFile; fileRef = FA73021224197BA500BFF567 /* BottomTabBar.swift */; };
		FA95FED5241828D5005C0832 /* AppFramework.swift in Sources */ = {isa = PBXBuildFile; fileRef = FA95FED4241828D5005C0832 /* AppFramework.swift */; };
		FA95FED824182A12005C0832 /* MapView.swift in Sources */ = {isa = PBXBuildFile; fileRef = FA95FED724182A12005C0832 /* MapView.swift */; };
		FA95FEDB24182ABF005C0832 /* AppCoordinator.swift in Sources */ = {isa = PBXBuildFile; fileRef = FA95FEDA24182ABF005C0832 /* AppCoordinator.swift */; };
		FA95FEDE24182B1D005C0832 /* Loggable.swift in Sources */ = {isa = PBXBuildFile; fileRef = FA95FEDD24182B1D005C0832 /* Loggable.swift */; };
		FA95FEE024182E3B005C0832 /* AppRouter.swift in Sources */ = {isa = PBXBuildFile; fileRef = FA95FEDF24182E3B005C0832 /* AppRouter.swift */; };
		FA95FEE224182F87005C0832 /* MapAssembly.swift in Sources */ = {isa = PBXBuildFile; fileRef = FA95FEE124182F87005C0832 /* MapAssembly.swift */; };
		FA95FEE5241830C7005C0832 /* UIViewController+Load.swift in Sources */ = {isa = PBXBuildFile; fileRef = FA95FEE4241830C7005C0832 /* UIViewController+Load.swift */; };
		FA95FEE72418B61D005C0832 /* DependenciesConfiguration.swift in Sources */ = {isa = PBXBuildFile; fileRef = FA95FEE62418B61D005C0832 /* DependenciesConfiguration.swift */; };
		FA95FEEA2418C049005C0832 /* WindowRouter.swift in Sources */ = {isa = PBXBuildFile; fileRef = FA95FEE92418C049005C0832 /* WindowRouter.swift */; };
		FA9A2651241E247D00386AE6 /* Pods_MuseumGuide.framework in Frameworks */ = {isa = PBXBuildFile; fileRef = 17422BDE0F1ED4EC57387692 /* Pods_MuseumGuide.framework */; };
		FA9A2652241E247D00386AE6 /* Pods_MuseumGuide.framework in Embed Frameworks */ = {isa = PBXBuildFile; fileRef = 17422BDE0F1ED4EC57387692 /* Pods_MuseumGuide.framework */; settings = {ATTRIBUTES = (CodeSignOnCopy, RemoveHeadersOnCopy, ); }; };
/* End PBXBuildFile section */

/* Begin PBXCopyFilesBuildPhase section */
		FA9A2653241E247D00386AE6 /* Embed Frameworks */ = {
			isa = PBXCopyFilesBuildPhase;
			buildActionMask = 2147483647;
			dstPath = "";
			dstSubfolderSpec = 10;
			files = (
				FA9A2652241E247D00386AE6 /* Pods_MuseumGuide.framework in Embed Frameworks */,
			);
			name = "Embed Frameworks";
			runOnlyForDeploymentPostprocessing = 0;
		};
/* End PBXCopyFilesBuildPhase section */

/* Begin PBXFileReference section */
		17422BDE0F1ED4EC57387692 /* Pods_MuseumGuide.framework */ = {isa = PBXFileReference; explicitFileType = wrapper.framework; includeInIndex = 0; path = Pods_MuseumGuide.framework; sourceTree = BUILT_PRODUCTS_DIR; };
		5B3A5D8746865A8DDB8CC4A0 /* Pods-MuseumGuide.debug.xcconfig */ = {isa = PBXFileReference; includeInIndex = 1; lastKnownFileType = text.xcconfig; name = "Pods-MuseumGuide.debug.xcconfig"; path = "Target Support Files/Pods-MuseumGuide/Pods-MuseumGuide.debug.xcconfig"; sourceTree = "<group>"; };
		5D764358FAB8A04773B54F47 /* Pods-MuseumGuide.release.xcconfig */ = {isa = PBXFileReference; includeInIndex = 1; lastKnownFileType = text.xcconfig; name = "Pods-MuseumGuide.release.xcconfig"; path = "Target Support Files/Pods-MuseumGuide/Pods-MuseumGuide.release.xcconfig"; sourceTree = "<group>"; };
		FA0F220B241D06BA0087B96D /* UITabBarItem+Layout.swift */ = {isa = PBXFileReference; lastKnownFileType = sourcecode.swift; path = "UITabBarItem+Layout.swift"; sourceTree = "<group>"; };
		FA0F220D241D0CEE0087B96D /* CGFloat+Degrees.swift */ = {isa = PBXFileReference; lastKnownFileType = sourcecode.swift; path = "CGFloat+Degrees.swift"; sourceTree = "<group>"; };
		FA2AD40D241ACF75004B2DEE /* BottomTabBarButton.swift */ = {isa = PBXFileReference; lastKnownFileType = sourcecode.swift; path = BottomTabBarButton.swift; sourceTree = "<group>"; };
		FA56A71424180C8700FAC2CE /* MuseumGuide.app */ = {isa = PBXFileReference; explicitFileType = wrapper.application; includeInIndex = 0; path = MuseumGuide.app; sourceTree = BUILT_PRODUCTS_DIR; };
		FA56A71724180C8700FAC2CE /* AppDelegate.swift */ = {isa = PBXFileReference; lastKnownFileType = sourcecode.swift; path = AppDelegate.swift; sourceTree = "<group>"; };
		FA56A71924180C8700FAC2CE /* SceneDelegate.swift */ = {isa = PBXFileReference; lastKnownFileType = sourcecode.swift; path = SceneDelegate.swift; sourceTree = "<group>"; };
		FA56A71B24180C8700FAC2CE /* BaseViewController.swift */ = {isa = PBXFileReference; lastKnownFileType = sourcecode.swift; path = BaseViewController.swift; sourceTree = "<group>"; };
		FA56A71E24180C8700FAC2CE /* Base */ = {isa = PBXFileReference; lastKnownFileType = file.storyboard; name = Base; path = Base.lproj/Main.storyboard; sourceTree = "<group>"; };
		FA56A72024180C8C00FAC2CE /* Assets.xcassets */ = {isa = PBXFileReference; lastKnownFileType = folder.assetcatalog; path = Assets.xcassets; sourceTree = "<group>"; };
		FA56A72324180C8C00FAC2CE /* Base */ = {isa = PBXFileReference; lastKnownFileType = file.storyboard; name = Base; path = Base.lproj/LaunchScreen.storyboard; sourceTree = "<group>"; };
		FA56A72524180C8C00FAC2CE /* Info.plist */ = {isa = PBXFileReference; lastKnownFileType = text.plist.xml; path = Info.plist; sourceTree = "<group>"; };
		FA56A7372418113200FAC2CE /* BaseNavigationController.swift */ = {isa = PBXFileReference; lastKnownFileType = sourcecode.swift; path = BaseNavigationController.swift; sourceTree = "<group>"; };
		FA730206241975EA00BFF567 /* ContainerView.swift */ = {isa = PBXFileReference; lastKnownFileType = sourcecode.swift; path = ContainerView.swift; sourceTree = "<group>"; };
		FA7302082419762800BFF567 /* ContainerAssembly.swift */ = {isa = PBXFileReference; lastKnownFileType = sourcecode.swift; path = ContainerAssembly.swift; sourceTree = "<group>"; };
		FA73020D2419784200BFF567 /* BottomTabBarItem.swift */ = {isa = PBXFileReference; lastKnownFileType = sourcecode.swift; path = BottomTabBarItem.swift; sourceTree = "<group>"; };
		FA73020F2419785300BFF567 /* BottomTabBarItem.xib */ = {isa = PBXFileReference; lastKnownFileType = file.xib; path = BottomTabBarItem.xib; sourceTree = "<group>"; };
		FA73021224197BA500BFF567 /* BottomTabBar.swift */ = {isa = PBXFileReference; lastKnownFileType = sourcecode.swift; path = BottomTabBar.swift; sourceTree = "<group>"; };
		FA95FED4241828D5005C0832 /* AppFramework.swift */ = {isa = PBXFileReference; lastKnownFileType = sourcecode.swift; path = AppFramework.swift; sourceTree = "<group>"; };
		FA95FED724182A12005C0832 /* MapView.swift */ = {isa = PBXFileReference; lastKnownFileType = sourcecode.swift; path = MapView.swift; sourceTree = "<group>"; };
		FA95FEDA24182ABF005C0832 /* AppCoordinator.swift */ = {isa = PBXFileReference; lastKnownFileType = sourcecode.swift; path = AppCoordinator.swift; sourceTree = "<group>"; };
		FA95FEDD24182B1D005C0832 /* Loggable.swift */ = {isa = PBXFileReference; lastKnownFileType = sourcecode.swift; path = Loggable.swift; sourceTree = "<group>"; };
		FA95FEDF24182E3B005C0832 /* AppRouter.swift */ = {isa = PBXFileReference; lastKnownFileType = sourcecode.swift; path = AppRouter.swift; sourceTree = "<group>"; };
		FA95FEE124182F87005C0832 /* MapAssembly.swift */ = {isa = PBXFileReference; lastKnownFileType = sourcecode.swift; path = MapAssembly.swift; sourceTree = "<group>"; };
		FA95FEE4241830C7005C0832 /* UIViewController+Load.swift */ = {isa = PBXFileReference; lastKnownFileType = sourcecode.swift; path = "UIViewController+Load.swift"; sourceTree = "<group>"; };
		FA95FEE62418B61D005C0832 /* DependenciesConfiguration.swift */ = {isa = PBXFileReference; lastKnownFileType = sourcecode.swift; path = DependenciesConfiguration.swift; sourceTree = "<group>"; };
		FA95FEE92418C049005C0832 /* WindowRouter.swift */ = {isa = PBXFileReference; lastKnownFileType = sourcecode.swift; path = WindowRouter.swift; sourceTree = "<group>"; };
/* End PBXFileReference section */

/* Begin PBXFrameworksBuildPhase section */
		FA56A71124180C8700FAC2CE /* Frameworks */ = {
			isa = PBXFrameworksBuildPhase;
			buildActionMask = 2147483647;
			files = (
				FA9A2651241E247D00386AE6 /* Pods_MuseumGuide.framework in Frameworks */,
			);
			runOnlyForDeploymentPostprocessing = 0;
		};
/* End PBXFrameworksBuildPhase section */

/* Begin PBXGroup section */
		750D80A2532B10BD07339177 /* Frameworks */ = {
			isa = PBXGroup;
			children = (
				17422BDE0F1ED4EC57387692 /* Pods_MuseumGuide.framework */,
			);
			name = Frameworks;
			sourceTree = "<group>";
		};
		9D03AF33811105143C931F6E /* Pods */ = {
			isa = PBXGroup;
			children = (
				5B3A5D8746865A8DDB8CC4A0 /* Pods-MuseumGuide.debug.xcconfig */,
				5D764358FAB8A04773B54F47 /* Pods-MuseumGuide.release.xcconfig */,
			);
			path = Pods;
			sourceTree = "<group>";
		};
		FA2AD40C241ACF41004B2DEE /* BottomTabBarButton */ = {
			isa = PBXGroup;
			children = (
				FA2AD40D241ACF75004B2DEE /* BottomTabBarButton.swift */,
			);
			path = BottomTabBarButton;
			sourceTree = "<group>";
		};
		FA3B839924181D3200EA979D /* Storyboards */ = {
			isa = PBXGroup;
			children = (
				FA56A71D24180C8700FAC2CE /* Main.storyboard */,
			);
			path = Storyboards;
			sourceTree = "<group>";
		};
		FA56A70B24180C8700FAC2CE = {
			isa = PBXGroup;
			children = (
				FA56A71624180C8700FAC2CE /* MuseumGuide */,
				FA56A71524180C8700FAC2CE /* Products */,
				9D03AF33811105143C931F6E /* Pods */,
				750D80A2532B10BD07339177 /* Frameworks */,
			);
			sourceTree = "<group>";
		};
		FA56A71524180C8700FAC2CE /* Products */ = {
			isa = PBXGroup;
			children = (
				FA56A71424180C8700FAC2CE /* MuseumGuide.app */,
			);
			name = Products;
			sourceTree = "<group>";
		};
		FA56A71624180C8700FAC2CE /* MuseumGuide */ = {
			isa = PBXGroup;
			children = (
				FA56A73224180EF100FAC2CE /* Common */,
				FA56A73124180EE900FAC2CE /* Modules */,
				FA56A73024180EA900FAC2CE /* PresentationLayer */,
				FA56A72F24180E9800FAC2CE /* SupportingFiles */,
				FA56A72E24180E1A00FAC2CE /* Resources */,
				FA56A72B24180CDD00FAC2CE /* Application Layer */,
				FA56A72224180C8C00FAC2CE /* LaunchScreen.storyboard */,
			);
			path = MuseumGuide;
			sourceTree = "<group>";
		};
		FA56A72B24180CDD00FAC2CE /* Application Layer */ = {
			isa = PBXGroup;
			children = (
				FA95FEE32418309F005C0832 /* Extensions */,
				FA95FEDC24182B11005C0832 /* Protocols */,
				FA95FED32418288F005C0832 /* Dependencies */,
				FA56A72D24180D3400FAC2CE /* SceneDelegate */,
				FA56A72C24180CEE00FAC2CE /* AppDelegate */,
			);
			path = "Application Layer";
			sourceTree = "<group>";
		};
		FA56A72C24180CEE00FAC2CE /* AppDelegate */ = {
			isa = PBXGroup;
			children = (
				FA56A71724180C8700FAC2CE /* AppDelegate.swift */,
			);
			path = AppDelegate;
			sourceTree = "<group>";
		};
		FA56A72D24180D3400FAC2CE /* SceneDelegate */ = {
			isa = PBXGroup;
			children = (
				FA56A71924180C8700FAC2CE /* SceneDelegate.swift */,
			);
			path = SceneDelegate;
			sourceTree = "<group>";
		};
		FA56A72E24180E1A00FAC2CE /* Resources */ = {
			isa = PBXGroup;
			children = (
				FA56A72024180C8C00FAC2CE /* Assets.xcassets */,
			);
			path = Resources;
			sourceTree = "<group>";
		};
		FA56A72F24180E9800FAC2CE /* SupportingFiles */ = {
			isa = PBXGroup;
			children = (
				FA56A72524180C8C00FAC2CE /* Info.plist */,
			);
			path = SupportingFiles;
			sourceTree = "<group>";
		};
		FA56A73024180EA900FAC2CE /* PresentationLayer */ = {
			isa = PBXGroup;
			children = (
				FA2AD40C241ACF41004B2DEE /* BottomTabBarButton */,
				FA73021124197B8400BFF567 /* BottomTabBar */,
				FA73020A241977EF00BFF567 /* TabBarItem */,
				FA730205241975BD00BFF567 /* Container */,
				FA95FED6241829F8005C0832 /* Map */,
				FA3B839924181D3200EA979D /* Storyboards */,
				FA56A73324180F3F00FAC2CE /* BaseClasses */,
			);
			path = PresentationLayer;
			sourceTree = "<group>";
		};
		FA56A73124180EE900FAC2CE /* Modules */ = {
			isa = PBXGroup;
			children = (
			);
			path = Modules;
			sourceTree = "<group>";
		};
		FA56A73224180EF100FAC2CE /* Common */ = {
			isa = PBXGroup;
			children = (
			);
			path = Common;
			sourceTree = "<group>";
		};
		FA56A73324180F3F00FAC2CE /* BaseClasses */ = {
			isa = PBXGroup;
			children = (
				FA95FEE82418C03B005C0832 /* Router */,
				FA56A735241810F600FAC2CE /* BaseViewController */,
				FA56A7362418110100FAC2CE /* BaseNavigationViewController */,
				FA56A73424180F6600FAC2CE /* Protocols */,
			);
			path = BaseClasses;
			sourceTree = "<group>";
		};
		FA56A73424180F6600FAC2CE /* Protocols */ = {
			isa = PBXGroup;
			children = (
			);
			path = Protocols;
			sourceTree = "<group>";
		};
		FA56A735241810F600FAC2CE /* BaseViewController */ = {
			isa = PBXGroup;
			children = (
				FA56A71B24180C8700FAC2CE /* BaseViewController.swift */,
			);
			path = BaseViewController;
			sourceTree = "<group>";
		};
		FA56A7362418110100FAC2CE /* BaseNavigationViewController */ = {
			isa = PBXGroup;
			children = (
				FA56A7372418113200FAC2CE /* BaseNavigationController.swift */,
			);
			path = BaseNavigationViewController;
			sourceTree = "<group>";
		};
		FA730205241975BD00BFF567 /* Container */ = {
			isa = PBXGroup;
			children = (
				FA730206241975EA00BFF567 /* ContainerView.swift */,
				FA7302082419762800BFF567 /* ContainerAssembly.swift */,
			);
			path = Container;
			sourceTree = "<group>";
		};
		FA73020A241977EF00BFF567 /* TabBarItem */ = {
			isa = PBXGroup;
			children = (
				FA73020D2419784200BFF567 /* BottomTabBarItem.swift */,
				FA73020F2419785300BFF567 /* BottomTabBarItem.xib */,
			);
			path = TabBarItem;
			sourceTree = "<group>";
		};
		FA73021124197B8400BFF567 /* BottomTabBar */ = {
			isa = PBXGroup;
			children = (
				FA73021224197BA500BFF567 /* BottomTabBar.swift */,
			);
			path = BottomTabBar;
			sourceTree = "<group>";
		};
		FA95FED32418288F005C0832 /* Dependencies */ = {
			isa = PBXGroup;
			children = (
				FA95FED4241828D5005C0832 /* AppFramework.swift */,
				FA95FEDA24182ABF005C0832 /* AppCoordinator.swift */,
				FA95FEDF24182E3B005C0832 /* AppRouter.swift */,
				FA95FEE62418B61D005C0832 /* DependenciesConfiguration.swift */,
			);
			path = Dependencies;
			sourceTree = "<group>";
		};
		FA95FED6241829F8005C0832 /* Map */ = {
			isa = PBXGroup;
			children = (
				FA95FED724182A12005C0832 /* MapView.swift */,
				FA95FEE124182F87005C0832 /* MapAssembly.swift */,
			);
			path = Map;
			sourceTree = "<group>";
		};
		FA95FEDC24182B11005C0832 /* Protocols */ = {
			isa = PBXGroup;
			children = (
				FA95FEDD24182B1D005C0832 /* Loggable.swift */,
			);
			name = Protocols;
			sourceTree = "<group>";
		};
		FA95FEE32418309F005C0832 /* Extensions */ = {
			isa = PBXGroup;
			children = (
				FA95FEE4241830C7005C0832 /* UIViewController+Load.swift */,
				FA0F220B241D06BA0087B96D /* UITabBarItem+Layout.swift */,
				FA0F220D241D0CEE0087B96D /* CGFloat+Degrees.swift */,
			);
			path = Extensions;
			sourceTree = "<group>";
		};
		FA95FEE82418C03B005C0832 /* Router */ = {
			isa = PBXGroup;
			children = (
				FA95FEE92418C049005C0832 /* WindowRouter.swift */,
			);
			path = Router;
			sourceTree = "<group>";
		};
/* End PBXGroup section */

/* Begin PBXNativeTarget section */
		FA56A71324180C8700FAC2CE /* MuseumGuide */ = {
			isa = PBXNativeTarget;
			buildConfigurationList = FA56A72824180C8C00FAC2CE /* Build configuration list for PBXNativeTarget "MuseumGuide" */;
			buildPhases = (
				631AFD2E57529BA8B9778856 /* [CP] Check Pods Manifest.lock */,
				FA56A71024180C8700FAC2CE /* Sources */,
				FA56A71124180C8700FAC2CE /* Frameworks */,
				FA56A71224180C8700FAC2CE /* Resources */,
				8833F7BF06CD8151FF6C96F6 /* [CP] Embed Pods Frameworks */,
				FA9A2653241E247D00386AE6 /* Embed Frameworks */,
			);
			buildRules = (
			);
			dependencies = (
			);
			name = MuseumGuide;
			productName = MuseumGuide;
			productReference = FA56A71424180C8700FAC2CE /* MuseumGuide.app */;
			productType = "com.apple.product-type.application";
		};
/* End PBXNativeTarget section */

/* Begin PBXProject section */
		FA56A70C24180C8700FAC2CE /* Project object */ = {
			isa = PBXProject;
			attributes = {
				KnownAssetTags = (
					bottomTabBar,
				);
				LastSwiftUpdateCheck = 1110;
				LastUpgradeCheck = 1110;
				ORGANIZATIONNAME = Alex;
				TargetAttributes = {
					FA56A71324180C8700FAC2CE = {
						CreatedOnToolsVersion = 11.1;
					};
				};
			};
			buildConfigurationList = FA56A70F24180C8700FAC2CE /* Build configuration list for PBXProject "MuseumGuide" */;
			compatibilityVersion = "Xcode 9.3";
			developmentRegion = en;
			hasScannedForEncodings = 0;
			knownRegions = (
				en,
				Base,
			);
			mainGroup = FA56A70B24180C8700FAC2CE;
			productRefGroup = FA56A71524180C8700FAC2CE /* Products */;
			projectDirPath = "";
			projectRoot = "";
			targets = (
				FA56A71324180C8700FAC2CE /* MuseumGuide */,
			);
		};
/* End PBXProject section */

/* Begin PBXResourcesBuildPhase section */
		FA56A71224180C8700FAC2CE /* Resources */ = {
			isa = PBXResourcesBuildPhase;
			buildActionMask = 2147483647;
			files = (
				FA56A72424180C8C00FAC2CE /* LaunchScreen.storyboard in Resources */,
				FA7302102419785300BFF567 /* BottomTabBarItem.xib in Resources */,
				FA56A72124180C8C00FAC2CE /* Assets.xcassets in Resources */,
				FA56A71F24180C8700FAC2CE /* Main.storyboard in Resources */,
			);
			runOnlyForDeploymentPostprocessing = 0;
		};
/* End PBXResourcesBuildPhase section */

/* Begin PBXShellScriptBuildPhase section */
		631AFD2E57529BA8B9778856 /* [CP] Check Pods Manifest.lock */ = {
			isa = PBXShellScriptBuildPhase;
			buildActionMask = 2147483647;
			files = (
			);
			inputFileListPaths = (
			);
			inputPaths = (
				"${PODS_PODFILE_DIR_PATH}/Podfile.lock",
				"${PODS_ROOT}/Manifest.lock",
			);
			name = "[CP] Check Pods Manifest.lock";
			outputFileListPaths = (
			);
			outputPaths = (
				"$(DERIVED_FILE_DIR)/Pods-MuseumGuide-checkManifestLockResult.txt",
			);
			runOnlyForDeploymentPostprocessing = 0;
			shellPath = /bin/sh;
			shellScript = "diff \"${PODS_PODFILE_DIR_PATH}/Podfile.lock\" \"${PODS_ROOT}/Manifest.lock\" > /dev/null\nif [ $? != 0 ] ; then\n    # print error to STDERR\n    echo \"error: The sandbox is not in sync with the Podfile.lock. Run 'pod install' or update your CocoaPods installation.\" >&2\n    exit 1\nfi\n# This output is used by Xcode 'outputs' to avoid re-running this script phase.\necho \"SUCCESS\" > \"${SCRIPT_OUTPUT_FILE_0}\"\n";
			showEnvVarsInLog = 0;
		};
		8833F7BF06CD8151FF6C96F6 /* [CP] Embed Pods Frameworks */ = {
			isa = PBXShellScriptBuildPhase;
			buildActionMask = 2147483647;
			files = (
			);
			inputFileListPaths = (
				"${PODS_ROOT}/Target Support Files/Pods-MuseumGuide/Pods-MuseumGuide-frameworks-${CONFIGURATION}-input-files.xcfilelist",
			);
			name = "[CP] Embed Pods Frameworks";
			outputFileListPaths = (
				"${PODS_ROOT}/Target Support Files/Pods-MuseumGuide/Pods-MuseumGuide-frameworks-${CONFIGURATION}-output-files.xcfilelist",
			);
			runOnlyForDeploymentPostprocessing = 0;
			shellPath = /bin/sh;
			shellScript = "\"${PODS_ROOT}/Target Support Files/Pods-MuseumGuide/Pods-MuseumGuide-frameworks.sh\"\n";
			showEnvVarsInLog = 0;
		};
/* End PBXShellScriptBuildPhase section */

/* Begin PBXSourcesBuildPhase section */
		FA56A71024180C8700FAC2CE /* Sources */ = {
			isa = PBXSourcesBuildPhase;
			buildActionMask = 2147483647;
			files = (
				FA95FEE5241830C7005C0832 /* UIViewController+Load.swift in Sources */,
				FA73020E2419784200BFF567 /* BottomTabBarItem.swift in Sources */,
				FA95FEE72418B61D005C0832 /* DependenciesConfiguration.swift in Sources */,
				FA56A71C24180C8700FAC2CE /* BaseViewController.swift in Sources */,
				FA2AD40E241ACF75004B2DEE /* BottomTabBarButton.swift in Sources */,
				FA95FED824182A12005C0832 /* MapView.swift in Sources */,
				FA95FEE224182F87005C0832 /* MapAssembly.swift in Sources */,
				FA95FED5241828D5005C0832 /* AppFramework.swift in Sources */,
				FA95FEEA2418C049005C0832 /* WindowRouter.swift in Sources */,
				FA7302092419762800BFF567 /* ContainerAssembly.swift in Sources */,
				FA56A71824180C8700FAC2CE /* AppDelegate.swift in Sources */,
				FA56A71A24180C8700FAC2CE /* SceneDelegate.swift in Sources */,
				FA0F220C241D06BA0087B96D /* UITabBarItem+Layout.swift in Sources */,
				FA95FEE024182E3B005C0832 /* AppRouter.swift in Sources */,
				FA56A7382418113200FAC2CE /* BaseNavigationController.swift in Sources */,
				FA73021324197BA500BFF567 /* BottomTabBar.swift in Sources */,
				FA95FEDE24182B1D005C0832 /* Loggable.swift in Sources */,
				FA730207241975EA00BFF567 /* ContainerView.swift in Sources */,
				FA0F220E241D0CEE0087B96D /* CGFloat+Degrees.swift in Sources */,
				FA95FEDB24182ABF005C0832 /* AppCoordinator.swift in Sources */,
			);
			runOnlyForDeploymentPostprocessing = 0;
		};
/* End PBXSourcesBuildPhase section */

/* Begin PBXVariantGroup section */
		FA56A71D24180C8700FAC2CE /* Main.storyboard */ = {
			isa = PBXVariantGroup;
			children = (
				FA56A71E24180C8700FAC2CE /* Base */,
			);
			name = Main.storyboard;
			sourceTree = "<group>";
		};
		FA56A72224180C8C00FAC2CE /* LaunchScreen.storyboard */ = {
			isa = PBXVariantGroup;
			children = (
				FA56A72324180C8C00FAC2CE /* Base */,
			);
			name = LaunchScreen.storyboard;
			sourceTree = "<group>";
		};
/* End PBXVariantGroup section */

/* Begin XCBuildConfiguration section */
		FA56A72624180C8C00FAC2CE /* Debug */ = {
			isa = XCBuildConfiguration;
			buildSettings = {
				ALWAYS_SEARCH_USER_PATHS = NO;
				CLANG_ANALYZER_NONNULL = YES;
				CLANG_ANALYZER_NUMBER_OBJECT_CONVERSION = YES_AGGRESSIVE;
				CLANG_CXX_LANGUAGE_STANDARD = "gnu++14";
				CLANG_CXX_LIBRARY = "libc++";
				CLANG_ENABLE_MODULES = YES;
				CLANG_ENABLE_OBJC_ARC = YES;
				CLANG_ENABLE_OBJC_WEAK = YES;
				CLANG_WARN_BLOCK_CAPTURE_AUTORELEASING = YES;
				CLANG_WARN_BOOL_CONVERSION = YES;
				CLANG_WARN_COMMA = YES;
				CLANG_WARN_CONSTANT_CONVERSION = YES;
				CLANG_WARN_DEPRECATED_OBJC_IMPLEMENTATIONS = YES;
				CLANG_WARN_DIRECT_OBJC_ISA_USAGE = YES_ERROR;
				CLANG_WARN_DOCUMENTATION_COMMENTS = YES;
				CLANG_WARN_EMPTY_BODY = YES;
				CLANG_WARN_ENUM_CONVERSION = YES;
				CLANG_WARN_INFINITE_RECURSION = YES;
				CLANG_WARN_INT_CONVERSION = YES;
				CLANG_WARN_NON_LITERAL_NULL_CONVERSION = YES;
				CLANG_WARN_OBJC_IMPLICIT_RETAIN_SELF = YES;
				CLANG_WARN_OBJC_LITERAL_CONVERSION = YES;
				CLANG_WARN_OBJC_ROOT_CLASS = YES_ERROR;
				CLANG_WARN_RANGE_LOOP_ANALYSIS = YES;
				CLANG_WARN_STRICT_PROTOTYPES = YES;
				CLANG_WARN_SUSPICIOUS_MOVE = YES;
				CLANG_WARN_UNGUARDED_AVAILABILITY = YES_AGGRESSIVE;
				CLANG_WARN_UNREACHABLE_CODE = YES;
				CLANG_WARN__DUPLICATE_METHOD_MATCH = YES;
				COPY_PHASE_STRIP = NO;
				DEBUG_INFORMATION_FORMAT = dwarf;
				ENABLE_STRICT_OBJC_MSGSEND = YES;
				ENABLE_TESTABILITY = YES;
				GCC_C_LANGUAGE_STANDARD = gnu11;
				GCC_DYNAMIC_NO_PIC = NO;
				GCC_NO_COMMON_BLOCKS = YES;
				GCC_OPTIMIZATION_LEVEL = 0;
				GCC_PREPROCESSOR_DEFINITIONS = (
					"DEBUG=1",
					"$(inherited)",
				);
				GCC_WARN_64_TO_32_BIT_CONVERSION = YES;
				GCC_WARN_ABOUT_RETURN_TYPE = YES_ERROR;
				GCC_WARN_UNDECLARED_SELECTOR = YES;
				GCC_WARN_UNINITIALIZED_AUTOS = YES_AGGRESSIVE;
				GCC_WARN_UNUSED_FUNCTION = YES;
				GCC_WARN_UNUSED_VARIABLE = YES;
				IPHONEOS_DEPLOYMENT_TARGET = 13.1;
				MTL_ENABLE_DEBUG_INFO = INCLUDE_SOURCE;
				MTL_FAST_MATH = YES;
				ONLY_ACTIVE_ARCH = YES;
				SDKROOT = iphoneos;
				SWIFT_ACTIVE_COMPILATION_CONDITIONS = DEBUG;
				SWIFT_OPTIMIZATION_LEVEL = "-Onone";
			};
			name = Debug;
		};
		FA56A72724180C8C00FAC2CE /* Release */ = {
			isa = XCBuildConfiguration;
			buildSettings = {
				ALWAYS_SEARCH_USER_PATHS = NO;
				CLANG_ANALYZER_NONNULL = YES;
				CLANG_ANALYZER_NUMBER_OBJECT_CONVERSION = YES_AGGRESSIVE;
				CLANG_CXX_LANGUAGE_STANDARD = "gnu++14";
				CLANG_CXX_LIBRARY = "libc++";
				CLANG_ENABLE_MODULES = YES;
				CLANG_ENABLE_OBJC_ARC = YES;
				CLANG_ENABLE_OBJC_WEAK = YES;
				CLANG_WARN_BLOCK_CAPTURE_AUTORELEASING = YES;
				CLANG_WARN_BOOL_CONVERSION = YES;
				CLANG_WARN_COMMA = YES;
				CLANG_WARN_CONSTANT_CONVERSION = YES;
				CLANG_WARN_DEPRECATED_OBJC_IMPLEMENTATIONS = YES;
				CLANG_WARN_DIRECT_OBJC_ISA_USAGE = YES_ERROR;
				CLANG_WARN_DOCUMENTATION_COMMENTS = YES;
				CLANG_WARN_EMPTY_BODY = YES;
				CLANG_WARN_ENUM_CONVERSION = YES;
				CLANG_WARN_INFINITE_RECURSION = YES;
				CLANG_WARN_INT_CONVERSION = YES;
				CLANG_WARN_NON_LITERAL_NULL_CONVERSION = YES;
				CLANG_WARN_OBJC_IMPLICIT_RETAIN_SELF = YES;
				CLANG_WARN_OBJC_LITERAL_CONVERSION = YES;
				CLANG_WARN_OBJC_ROOT_CLASS = YES_ERROR;
				CLANG_WARN_RANGE_LOOP_ANALYSIS = YES;
				CLANG_WARN_STRICT_PROTOTYPES = YES;
				CLANG_WARN_SUSPICIOUS_MOVE = YES;
				CLANG_WARN_UNGUARDED_AVAILABILITY = YES_AGGRESSIVE;
				CLANG_WARN_UNREACHABLE_CODE = YES;
				CLANG_WARN__DUPLICATE_METHOD_MATCH = YES;
				COPY_PHASE_STRIP = NO;
				DEBUG_INFORMATION_FORMAT = "dwarf-with-dsym";
				ENABLE_NS_ASSERTIONS = NO;
				ENABLE_STRICT_OBJC_MSGSEND = YES;
				GCC_C_LANGUAGE_STANDARD = gnu11;
				GCC_NO_COMMON_BLOCKS = YES;
				GCC_WARN_64_TO_32_BIT_CONVERSION = YES;
				GCC_WARN_ABOUT_RETURN_TYPE = YES_ERROR;
				GCC_WARN_UNDECLARED_SELECTOR = YES;
				GCC_WARN_UNINITIALIZED_AUTOS = YES_AGGRESSIVE;
				GCC_WARN_UNUSED_FUNCTION = YES;
				GCC_WARN_UNUSED_VARIABLE = YES;
				IPHONEOS_DEPLOYMENT_TARGET = 13.1;
				MTL_ENABLE_DEBUG_INFO = NO;
				MTL_FAST_MATH = YES;
				SDKROOT = iphoneos;
				SWIFT_COMPILATION_MODE = wholemodule;
				SWIFT_OPTIMIZATION_LEVEL = "-O";
				VALIDATE_PRODUCT = YES;
			};
			name = Release;
		};
		FA56A72924180C8C00FAC2CE /* Debug */ = {
			isa = XCBuildConfiguration;
			baseConfigurationReference = 5B3A5D8746865A8DDB8CC4A0 /* Pods-MuseumGuide.debug.xcconfig */;
			buildSettings = {
				ASSETCATALOG_COMPILER_APPICON_NAME = "AppIcon-1";
				CODE_SIGN_IDENTITY = "Apple Development";
				CODE_SIGN_STYLE = Automatic;
				DEVELOPMENT_TEAM = CWCTLCYKBW;
				INFOPLIST_FILE = "$(SRCROOT)/MuseumGuide/SupportingFiles/Info.plist";
				IPHONEOS_DEPLOYMENT_TARGET = 13.2;
				LD_RUNPATH_SEARCH_PATHS = (
					"$(inherited)",
					"@executable_path/Frameworks",
				);
				MARKETING_VERSION = 0.1.0;
				PRODUCT_BUNDLE_IDENTIFIER = Alex.MuseumGuide;
				PRODUCT_NAME = "$(TARGET_NAME)";
				PROVISIONING_PROFILE_SPECIFIER = "";
				SWIFT_VERSION = 5.0;
				TARGETED_DEVICE_FAMILY = 1;
			};
			name = Debug;
		};
		FA56A72A24180C8C00FAC2CE /* Release */ = {
			isa = XCBuildConfiguration;
			baseConfigurationReference = 5D764358FAB8A04773B54F47 /* Pods-MuseumGuide.release.xcconfig */;
			buildSettings = {
				ASSETCATALOG_COMPILER_APPICON_NAME = "AppIcon-1";
				CODE_SIGN_IDENTITY = "Apple Development";
				CODE_SIGN_STYLE = Automatic;
				DEVELOPMENT_TEAM = CWCTLCYKBW;
				INFOPLIST_FILE = "$(SRCROOT)/MuseumGuide/SupportingFiles/Info.plist";
				IPHONEOS_DEPLOYMENT_TARGET = 13.2;
				LD_RUNPATH_SEARCH_PATHS = (
					"$(inherited)",
					"@executable_path/Frameworks",
				);
				MARKETING_VERSION = 0.1.0;
				PRODUCT_BUNDLE_IDENTIFIER = Alex.MuseumGuide;
				PRODUCT_NAME = "$(TARGET_NAME)";
				PROVISIONING_PROFILE_SPECIFIER = "";
				SWIFT_VERSION = 5.0;
				TARGETED_DEVICE_FAMILY = 1;
			};
			name = Release;
		};
/* End XCBuildConfiguration section */

/* Begin XCConfigurationList section */
		FA56A70F24180C8700FAC2CE /* Build configuration list for PBXProject "MuseumGuide" */ = {
			isa = XCConfigurationList;
			buildConfigurations = (
				FA56A72624180C8C00FAC2CE /* Debug */,
				FA56A72724180C8C00FAC2CE /* Release */,
			);
			defaultConfigurationIsVisible = 0;
			defaultConfigurationName = Release;
		};
		FA56A72824180C8C00FAC2CE /* Build configuration list for PBXNativeTarget "MuseumGuide" */ = {
			isa = XCConfigurationList;
			buildConfigurations = (
				FA56A72924180C8C00FAC2CE /* Debug */,
				FA56A72A24180C8C00FAC2CE /* Release */,
			);
			defaultConfigurationIsVisible = 0;
			defaultConfigurationName = Release;
		};
/* End XCConfigurationList section */
	};
	rootObject = FA56A70C24180C8700FAC2CE /* Project object */;
}
