// !$*UTF8*$!
{
	archiveVersion = 1;
	classes = {
	};
	objectVersion = 51;
	objects = {

/* Begin PBXBuildFile section */
		FA006FC1242FE8A5007F4D02 /* String+NumberFormatter.swift in Sources */ = {isa = PBXBuildFile; fileRef = FA006FC0242FE8A5007F4D02 /* String+NumberFormatter.swift */; };
		FA006FC32430F245007F4D02 /* InformationTableViewWorker.swift in Sources */ = {isa = PBXBuildFile; fileRef = FA006FC22430F245007F4D02 /* InformationTableViewWorker.swift */; };
		FA006FC62430F798007F4D02 /* InformationViewWorker.swift in Sources */ = {isa = PBXBuildFile; fileRef = FA006FC52430F798007F4D02 /* InformationViewWorker.swift */; };
		FA006FC92430FD57007F4D02 /* CellModel.swift in Sources */ = {isa = PBXBuildFile; fileRef = FA006FC82430FD57007F4D02 /* CellModel.swift */; };
		FA006FCE243124B8007F4D02 /* DrawerView+InteractionState.swift in Sources */ = {isa = PBXBuildFile; fileRef = FA006FCD243124B8007F4D02 /* DrawerView+InteractionState.swift */; };
		FA006FD024313228007F4D02 /* PagingScroll.swift in Sources */ = {isa = PBXBuildFile; fileRef = FA006FCF24313228007F4D02 /* PagingScroll.swift */; };
		FA006FD2243133FE007F4D02 /* CGPoint+Distance.swift in Sources */ = {isa = PBXBuildFile; fileRef = FA006FD1243133FE007F4D02 /* CGPoint+Distance.swift */; };
		FA006FD42431341C007F4D02 /* Comparable+Clamp.swift in Sources */ = {isa = PBXBuildFile; fileRef = FA006FD32431341C007F4D02 /* Comparable+Clamp.swift */; };
		FA006FD6243134B9007F4D02 /* FloatingPoint+Project.swift in Sources */ = {isa = PBXBuildFile; fileRef = FA006FD5243134B9007F4D02 /* FloatingPoint+Project.swift */; };
		FA006FD924315B8A007F4D02 /* TypesView.swift in Sources */ = {isa = PBXBuildFile; fileRef = FA006FD824315B8A007F4D02 /* TypesView.swift */; };
		FA006FDB2432209B007F4D02 /* TypeCell.swift in Sources */ = {isa = PBXBuildFile; fileRef = FA006FDA2432209B007F4D02 /* TypeCell.swift */; };
		FA0360F42433C5F500A1F56F /* UIView+Bounce.swift in Sources */ = {isa = PBXBuildFile; fileRef = FA0360F32433C5F500A1F56F /* UIView+Bounce.swift */; };
		FA07C724242A80E600CF2A01 /* URLParameterEncoder.swift in Sources */ = {isa = PBXBuildFile; fileRef = FA07C723242A80E600CF2A01 /* URLParameterEncoder.swift */; };
		FA07C726242B717400CF2A01 /* NetworkManager.swift in Sources */ = {isa = PBXBuildFile; fileRef = FA07C725242B717400CF2A01 /* NetworkManager.swift */; };
		FA07C729242B727200CF2A01 /* NetworkEnvironment.swift in Sources */ = {isa = PBXBuildFile; fileRef = FA07C728242B727200CF2A01 /* NetworkEnvironment.swift */; };
		FA07C72C242B729600CF2A01 /* NetworkError.swift in Sources */ = {isa = PBXBuildFile; fileRef = FA07C72B242B729600CF2A01 /* NetworkError.swift */; };
		FA07C72F242BBA3200CF2A01 /* Service.swift in Sources */ = {isa = PBXBuildFile; fileRef = FA07C72E242BBA3200CF2A01 /* Service.swift */; };
		FA07C732242BDF5C00CF2A01 /* JSONParameterEncoder.swift in Sources */ = {isa = PBXBuildFile; fileRef = FA07C731242BDF5C00CF2A01 /* JSONParameterEncoder.swift */; };
		FA07C734242BDF7F00CF2A01 /* ParameterEncoder.swift in Sources */ = {isa = PBXBuildFile; fileRef = FA07C733242BDF7F00CF2A01 /* ParameterEncoder.swift */; };
		FA07C737242BDFC300CF2A01 /* Response.swift in Sources */ = {isa = PBXBuildFile; fileRef = FA07C736242BDFC300CF2A01 /* Response.swift */; };
		FA07C73A242BE10700CF2A01 /* TestAPI.swift in Sources */ = {isa = PBXBuildFile; fileRef = FA07C739242BE10700CF2A01 /* TestAPI.swift */; };
		FA0F220C241D06BA0087B96D /* UITabBarItem+Layout.swift in Sources */ = {isa = PBXBuildFile; fileRef = FA0F220B241D06BA0087B96D /* UITabBarItem+Layout.swift */; };
		FA0F220E241D0CEE0087B96D /* CGFloat+Degrees.swift in Sources */ = {isa = PBXBuildFile; fileRef = FA0F220D241D0CEE0087B96D /* CGFloat+Degrees.swift */; };
		FA2AD40E241ACF75004B2DEE /* BottomTabBarButton.swift in Sources */ = {isa = PBXBuildFile; fileRef = FA2AD40D241ACF75004B2DEE /* BottomTabBarButton.swift */; };
		FA500858242BEA37001505E7 /* String+EmtyLine.swift in Sources */ = {isa = PBXBuildFile; fileRef = FA500857242BEA37001505E7 /* String+EmtyLine.swift */; };
		FA56A71824180C8700FAC2CE /* AppDelegate.swift in Sources */ = {isa = PBXBuildFile; fileRef = FA56A71724180C8700FAC2CE /* AppDelegate.swift */; };
		FA56A71A24180C8700FAC2CE /* SceneDelegate.swift in Sources */ = {isa = PBXBuildFile; fileRef = FA56A71924180C8700FAC2CE /* SceneDelegate.swift */; };
		FA56A71C24180C8700FAC2CE /* BaseViewController.swift in Sources */ = {isa = PBXBuildFile; fileRef = FA56A71B24180C8700FAC2CE /* BaseViewController.swift */; };
		FA56A71F24180C8700FAC2CE /* Main.storyboard in Resources */ = {isa = PBXBuildFile; fileRef = FA56A71D24180C8700FAC2CE /* Main.storyboard */; settings = {ASSET_TAGS = (bottomTabBar, ); }; };
		FA56A72124180C8C00FAC2CE /* Assets.xcassets in Resources */ = {isa = PBXBuildFile; fileRef = FA56A72024180C8C00FAC2CE /* Assets.xcassets */; };
		FA56A72424180C8C00FAC2CE /* LaunchScreen.storyboard in Resources */ = {isa = PBXBuildFile; fileRef = FA56A72224180C8C00FAC2CE /* LaunchScreen.storyboard */; };
		FA56A7382418113200FAC2CE /* BaseNavigationController.swift in Sources */ = {isa = PBXBuildFile; fileRef = FA56A7372418113200FAC2CE /* BaseNavigationController.swift */; };
		FA578EBE24292A790056D1B0 /* MapViewState.swift in Sources */ = {isa = PBXBuildFile; fileRef = FA578EBD24292A790056D1B0 /* MapViewState.swift */; };
		FA578EC124292E3E0056D1B0 /* UserAnnotationView.swift in Sources */ = {isa = PBXBuildFile; fileRef = FA578EC024292E3E0056D1B0 /* UserAnnotationView.swift */; };
		FA578EC42429310E0056D1B0 /* MapEffects.swift in Sources */ = {isa = PBXBuildFile; fileRef = FA578EC32429310E0056D1B0 /* MapEffects.swift */; };
		FA578EC7242931540056D1B0 /* MapError.swift in Sources */ = {isa = PBXBuildFile; fileRef = FA578EC6242931540056D1B0 /* MapError.swift */; };
		FA578EC92429315E0056D1B0 /* MapState.swift in Sources */ = {isa = PBXBuildFile; fileRef = FA578EC82429315E0056D1B0 /* MapState.swift */; };
		FA578ECB242932AB0056D1B0 /* MapEvents.swift in Sources */ = {isa = PBXBuildFile; fileRef = FA578ECA242932AB0056D1B0 /* MapEvents.swift */; };
		FA5D3934242FAE1E00A8DD3E /* ContactsCell.swift in Sources */ = {isa = PBXBuildFile; fileRef = FA5D3933242FAE1E00A8DD3E /* ContactsCell.swift */; };
		FA5E0037242E4D93005BC5B1 /* MuseumHeaderView.swift in Sources */ = {isa = PBXBuildFile; fileRef = FA5E0036242E4D93005BC5B1 /* MuseumHeaderView.swift */; };
		FA5E003A242E4F54005BC5B1 /* ShapeCell.swift in Sources */ = {isa = PBXBuildFile; fileRef = FA5E0039242E4F54005BC5B1 /* ShapeCell.swift */; };
		FA5E003C242E5429005BC5B1 /* TestData.swift in Sources */ = {isa = PBXBuildFile; fileRef = FA5E003B242E5429005BC5B1 /* TestData.swift */; };
		FA5E003E242F5B6D005BC5B1 /* MuseumCell.swift in Sources */ = {isa = PBXBuildFile; fileRef = FA5E003D242F5B6D005BC5B1 /* MuseumCell.swift */; };
		FA730207241975EA00BFF567 /* ContainerView.swift in Sources */ = {isa = PBXBuildFile; fileRef = FA730206241975EA00BFF567 /* ContainerView.swift */; };
		FA7302092419762800BFF567 /* ContainerAssembly.swift in Sources */ = {isa = PBXBuildFile; fileRef = FA7302082419762800BFF567 /* ContainerAssembly.swift */; };
		FA73021324197BA500BFF567 /* BottomTabBar.swift in Sources */ = {isa = PBXBuildFile; fileRef = FA73021224197BA500BFF567 /* BottomTabBar.swift */; };
		FA95FED5241828D5005C0832 /* AppFramework.swift in Sources */ = {isa = PBXBuildFile; fileRef = FA95FED4241828D5005C0832 /* AppFramework.swift */; };
		FA95FED824182A12005C0832 /* MapView.swift in Sources */ = {isa = PBXBuildFile; fileRef = FA95FED724182A12005C0832 /* MapView.swift */; };
		FA95FEDB24182ABF005C0832 /* AppCoordinator.swift in Sources */ = {isa = PBXBuildFile; fileRef = FA95FEDA24182ABF005C0832 /* AppCoordinator.swift */; };
		FA95FEDE24182B1D005C0832 /* Loggable.swift in Sources */ = {isa = PBXBuildFile; fileRef = FA95FEDD24182B1D005C0832 /* Loggable.swift */; };
		FA95FEE024182E3B005C0832 /* AppRouter.swift in Sources */ = {isa = PBXBuildFile; fileRef = FA95FEDF24182E3B005C0832 /* AppRouter.swift */; };
		FA95FEE224182F87005C0832 /* MapAssembly.swift in Sources */ = {isa = PBXBuildFile; fileRef = FA95FEE124182F87005C0832 /* MapAssembly.swift */; };
		FA95FEE5241830C7005C0832 /* UIViewController+Load.swift in Sources */ = {isa = PBXBuildFile; fileRef = FA95FEE4241830C7005C0832 /* UIViewController+Load.swift */; };
		FA95FEE72418B61D005C0832 /* DependenciesConfiguration.swift in Sources */ = {isa = PBXBuildFile; fileRef = FA95FEE62418B61D005C0832 /* DependenciesConfiguration.swift */; };
		FA95FEEA2418C049005C0832 /* WindowRouter.swift in Sources */ = {isa = PBXBuildFile; fileRef = FA95FEE92418C049005C0832 /* WindowRouter.swift */; };
		FA9A2651241E247D00386AE6 /* Pods_MuseumGuide.framework in Frameworks */ = {isa = PBXBuildFile; fileRef = 17422BDE0F1ED4EC57387692 /* Pods_MuseumGuide.framework */; };
		FA9A2652241E247D00386AE6 /* Pods_MuseumGuide.framework in Embed Frameworks */ = {isa = PBXBuildFile; fileRef = 17422BDE0F1ED4EC57387692 /* Pods_MuseumGuide.framework */; settings = {ATTRIBUTES = (CodeSignOnCopy, RemoveHeadersOnCopy, ); }; };
		FA9A2657241E302100386AE6 /* ContainerPresenter.swift in Sources */ = {isa = PBXBuildFile; fileRef = FA9A2656241E302100386AE6 /* ContainerPresenter.swift */; };
		FA9A2659241E303100386AE6 /* ContainerRouter.swift in Sources */ = {isa = PBXBuildFile; fileRef = FA9A2658241E303100386AE6 /* ContainerRouter.swift */; };
		FA9A265B241E305600386AE6 /* ContainerContracts.swift in Sources */ = {isa = PBXBuildFile; fileRef = FA9A265A241E305600386AE6 /* ContainerContracts.swift */; };
		FA9A265D241E318400386AE6 /* PushRouter.swift in Sources */ = {isa = PBXBuildFile; fileRef = FA9A265C241E318400386AE6 /* PushRouter.swift */; };
		FA9A265F241E31FE00386AE6 /* ModalRouter.swift in Sources */ = {isa = PBXBuildFile; fileRef = FA9A265E241E31FE00386AE6 /* ModalRouter.swift */; };
		FA9A2661241E333400386AE6 /* VIPERRouter.swift in Sources */ = {isa = PBXBuildFile; fileRef = FA9A2660241E333400386AE6 /* VIPERRouter.swift */; };
		FA9A2663241E339200386AE6 /* ErrorHandling.swift in Sources */ = {isa = PBXBuildFile; fileRef = FA9A2662241E339200386AE6 /* ErrorHandling.swift */; };
		FA9A2665241E33CA00386AE6 /* Typealiases.swift in Sources */ = {isa = PBXBuildFile; fileRef = FA9A2664241E33CA00386AE6 /* Typealiases.swift */; };
		FA9A2667241E35C100386AE6 /* ViewControllerEventHandler.swift in Sources */ = {isa = PBXBuildFile; fileRef = FA9A2666241E35C100386AE6 /* ViewControllerEventHandler.swift */; };
		FA9DFF7B241E6667008A3C4D /* AlertErrorHandler.swift in Sources */ = {isa = PBXBuildFile; fileRef = FA9DFF7A241E6667008A3C4D /* AlertErrorHandler.swift */; };
		FA9DFF7D241E67F7008A3C4D /* UIWindow+VisibleVc.swift in Sources */ = {isa = PBXBuildFile; fileRef = FA9DFF7C241E67F7008A3C4D /* UIWindow+VisibleVc.swift */; };
		FA9DFF7F241E6BD2008A3C4D /* UIApplication+VisibleVC.swift in Sources */ = {isa = PBXBuildFile; fileRef = FA9DFF7E241E6BD2008A3C4D /* UIApplication+VisibleVC.swift */; };
		FAB0109524263F840015D43E /* Result.swift in Sources */ = {isa = PBXBuildFile; fileRef = FAB0109424263F840015D43E /* Result.swift */; };
		FAB01098242640D60015D43E /* LocationService.swift in Sources */ = {isa = PBXBuildFile; fileRef = FAB01097242640D60015D43E /* LocationService.swift */; };
		FAB0109A2426415C0015D43E /* ServiceRequest.swift in Sources */ = {isa = PBXBuildFile; fileRef = FAB010992426415C0015D43E /* ServiceRequest.swift */; };
		FAB0109C2426424B0015D43E /* ServiceHandler.swift in Sources */ = {isa = PBXBuildFile; fileRef = FAB0109B2426424B0015D43E /* ServiceHandler.swift */; };
		FAB0109F242644690015D43E /* State.swift in Sources */ = {isa = PBXBuildFile; fileRef = FAB0109E242644690015D43E /* State.swift */; };
		FAB010A12426454B0015D43E /* LocationState.swift in Sources */ = {isa = PBXBuildFile; fileRef = FAB010A02426454B0015D43E /* LocationState.swift */; };
		FAB010A3242648950015D43E /* EffectHandler.swift in Sources */ = {isa = PBXBuildFile; fileRef = FAB010A2242648950015D43E /* EffectHandler.swift */; };
		FAB010A524264A5B0015D43E /* LocationEffects.swift in Sources */ = {isa = PBXBuildFile; fileRef = FAB010A424264A5B0015D43E /* LocationEffects.swift */; };
		FAB010A7242655700015D43E /* LocationError.swift in Sources */ = {isa = PBXBuildFile; fileRef = FAB010A6242655700015D43E /* LocationError.swift */; };
		FAB010A9242662D30015D43E /* EventSource.swift in Sources */ = {isa = PBXBuildFile; fileRef = FAB010A8242662D30015D43E /* EventSource.swift */; };
		FAB010AB242694340015D43E /* Store.swift in Sources */ = {isa = PBXBuildFile; fileRef = FAB010AA242694340015D43E /* Store.swift */; };
		FAB010AD2427C74A0015D43E /* LocationEvents.swift in Sources */ = {isa = PBXBuildFile; fileRef = FAB010AC2427C74A0015D43E /* LocationEvents.swift */; };
		FAB010AF2427D43D0015D43E /* MapPresenter.swift in Sources */ = {isa = PBXBuildFile; fileRef = FAB010AE2427D43D0015D43E /* MapPresenter.swift */; };
		FAB010B12427D4460015D43E /* MapRouter.swift in Sources */ = {isa = PBXBuildFile; fileRef = FAB010B02427D4460015D43E /* MapRouter.swift */; };
		FAB010B32427D4C90015D43E /* MapContracts.swift in Sources */ = {isa = PBXBuildFile; fileRef = FAB010B22427D4C90015D43E /* MapContracts.swift */; };
		FAB010B52427E9750015D43E /* ViewState.swift in Sources */ = {isa = PBXBuildFile; fileRef = FAB010B42427E9750015D43E /* ViewState.swift */; };
		FAF387C2242934CD00D1F5AF /* NetworkService.swift in Sources */ = {isa = PBXBuildFile; fileRef = FAF387C1242934CD00D1F5AF /* NetworkService.swift */; };
		FAF387C52429496A00D1F5AF /* APIRequest.swift in Sources */ = {isa = PBXBuildFile; fileRef = FAF387C42429496A00D1F5AF /* APIRequest.swift */; };
/* End PBXBuildFile section */

/* Begin PBXCopyFilesBuildPhase section */
		FA9A2653241E247D00386AE6 /* Embed Frameworks */ = {
			isa = PBXCopyFilesBuildPhase;
			buildActionMask = 2147483647;
			dstPath = "";
			dstSubfolderSpec = 10;
			files = (
				FA9A2652241E247D00386AE6 /* Pods_MuseumGuide.framework in Embed Frameworks */,
			);
			name = "Embed Frameworks";
			runOnlyForDeploymentPostprocessing = 0;
		};
/* End PBXCopyFilesBuildPhase section */

/* Begin PBXFileReference section */
		17422BDE0F1ED4EC57387692 /* Pods_MuseumGuide.framework */ = {isa = PBXFileReference; explicitFileType = wrapper.framework; includeInIndex = 0; path = Pods_MuseumGuide.framework; sourceTree = BUILT_PRODUCTS_DIR; };
		5B3A5D8746865A8DDB8CC4A0 /* Pods-MuseumGuide.debug.xcconfig */ = {isa = PBXFileReference; includeInIndex = 1; lastKnownFileType = text.xcconfig; name = "Pods-MuseumGuide.debug.xcconfig"; path = "Target Support Files/Pods-MuseumGuide/Pods-MuseumGuide.debug.xcconfig"; sourceTree = "<group>"; };
		5D764358FAB8A04773B54F47 /* Pods-MuseumGuide.release.xcconfig */ = {isa = PBXFileReference; includeInIndex = 1; lastKnownFileType = text.xcconfig; name = "Pods-MuseumGuide.release.xcconfig"; path = "Target Support Files/Pods-MuseumGuide/Pods-MuseumGuide.release.xcconfig"; sourceTree = "<group>"; };
		FA006FC0242FE8A5007F4D02 /* String+NumberFormatter.swift */ = {isa = PBXFileReference; lastKnownFileType = sourcecode.swift; path = "String+NumberFormatter.swift"; sourceTree = "<group>"; };
		FA006FC22430F245007F4D02 /* InformationTableViewWorker.swift */ = {isa = PBXFileReference; lastKnownFileType = sourcecode.swift; path = InformationTableViewWorker.swift; sourceTree = "<group>"; };
		FA006FC52430F798007F4D02 /* InformationViewWorker.swift */ = {isa = PBXFileReference; lastKnownFileType = sourcecode.swift; path = InformationViewWorker.swift; sourceTree = "<group>"; };
		FA006FC82430FD57007F4D02 /* CellModel.swift */ = {isa = PBXFileReference; lastKnownFileType = sourcecode.swift; path = CellModel.swift; sourceTree = "<group>"; };
		FA006FCD243124B8007F4D02 /* DrawerView+InteractionState.swift */ = {isa = PBXFileReference; lastKnownFileType = sourcecode.swift; path = "DrawerView+InteractionState.swift"; sourceTree = "<group>"; };
		FA006FCF24313228007F4D02 /* PagingScroll.swift */ = {isa = PBXFileReference; lastKnownFileType = sourcecode.swift; path = PagingScroll.swift; sourceTree = "<group>"; };
		FA006FD1243133FE007F4D02 /* CGPoint+Distance.swift */ = {isa = PBXFileReference; lastKnownFileType = sourcecode.swift; path = "CGPoint+Distance.swift"; sourceTree = "<group>"; };
		FA006FD32431341C007F4D02 /* Comparable+Clamp.swift */ = {isa = PBXFileReference; lastKnownFileType = sourcecode.swift; path = "Comparable+Clamp.swift"; sourceTree = "<group>"; };
		FA006FD5243134B9007F4D02 /* FloatingPoint+Project.swift */ = {isa = PBXFileReference; lastKnownFileType = sourcecode.swift; path = "FloatingPoint+Project.swift"; sourceTree = "<group>"; };
		FA006FD824315B8A007F4D02 /* TypesView.swift */ = {isa = PBXFileReference; lastKnownFileType = sourcecode.swift; path = TypesView.swift; sourceTree = "<group>"; };
		FA006FDA2432209B007F4D02 /* TypeCell.swift */ = {isa = PBXFileReference; lastKnownFileType = sourcecode.swift; path = TypeCell.swift; sourceTree = "<group>"; };
		FA0360F32433C5F500A1F56F /* UIView+Bounce.swift */ = {isa = PBXFileReference; lastKnownFileType = sourcecode.swift; path = "UIView+Bounce.swift"; sourceTree = "<group>"; };
		FA07C723242A80E600CF2A01 /* URLParameterEncoder.swift */ = {isa = PBXFileReference; lastKnownFileType = sourcecode.swift; path = URLParameterEncoder.swift; sourceTree = "<group>"; };
		FA07C725242B717400CF2A01 /* NetworkManager.swift */ = {isa = PBXFileReference; lastKnownFileType = sourcecode.swift; path = NetworkManager.swift; sourceTree = "<group>"; };
		FA07C728242B727200CF2A01 /* NetworkEnvironment.swift */ = {isa = PBXFileReference; lastKnownFileType = sourcecode.swift; path = NetworkEnvironment.swift; sourceTree = "<group>"; };
		FA07C72B242B729600CF2A01 /* NetworkError.swift */ = {isa = PBXFileReference; lastKnownFileType = sourcecode.swift; path = NetworkError.swift; sourceTree = "<group>"; };
		FA07C72E242BBA3200CF2A01 /* Service.swift */ = {isa = PBXFileReference; lastKnownFileType = sourcecode.swift; path = Service.swift; sourceTree = "<group>"; };
		FA07C731242BDF5C00CF2A01 /* JSONParameterEncoder.swift */ = {isa = PBXFileReference; lastKnownFileType = sourcecode.swift; path = JSONParameterEncoder.swift; sourceTree = "<group>"; };
		FA07C733242BDF7F00CF2A01 /* ParameterEncoder.swift */ = {isa = PBXFileReference; lastKnownFileType = sourcecode.swift; path = ParameterEncoder.swift; sourceTree = "<group>"; };
		FA07C736242BDFC300CF2A01 /* Response.swift */ = {isa = PBXFileReference; lastKnownFileType = sourcecode.swift; path = Response.swift; sourceTree = "<group>"; };
		FA07C739242BE10700CF2A01 /* TestAPI.swift */ = {isa = PBXFileReference; lastKnownFileType = sourcecode.swift; path = TestAPI.swift; sourceTree = "<group>"; };
		FA0F220B241D06BA0087B96D /* UITabBarItem+Layout.swift */ = {isa = PBXFileReference; lastKnownFileType = sourcecode.swift; path = "UITabBarItem+Layout.swift"; sourceTree = "<group>"; };
		FA0F220D241D0CEE0087B96D /* CGFloat+Degrees.swift */ = {isa = PBXFileReference; lastKnownFileType = sourcecode.swift; path = "CGFloat+Degrees.swift"; sourceTree = "<group>"; };
		FA2AD40D241ACF75004B2DEE /* BottomTabBarButton.swift */ = {isa = PBXFileReference; lastKnownFileType = sourcecode.swift; path = BottomTabBarButton.swift; sourceTree = "<group>"; };
		FA500857242BEA37001505E7 /* String+EmtyLine.swift */ = {isa = PBXFileReference; lastKnownFileType = sourcecode.swift; path = "String+EmtyLine.swift"; sourceTree = "<group>"; };
		FA56A71424180C8700FAC2CE /* MuseumGuide.app */ = {isa = PBXFileReference; explicitFileType = wrapper.application; includeInIndex = 0; path = MuseumGuide.app; sourceTree = BUILT_PRODUCTS_DIR; };
		FA56A71724180C8700FAC2CE /* AppDelegate.swift */ = {isa = PBXFileReference; lastKnownFileType = sourcecode.swift; path = AppDelegate.swift; sourceTree = "<group>"; };
		FA56A71924180C8700FAC2CE /* SceneDelegate.swift */ = {isa = PBXFileReference; lastKnownFileType = sourcecode.swift; path = SceneDelegate.swift; sourceTree = "<group>"; };
		FA56A71B24180C8700FAC2CE /* BaseViewController.swift */ = {isa = PBXFileReference; lastKnownFileType = sourcecode.swift; path = BaseViewController.swift; sourceTree = "<group>"; };
		FA56A71E24180C8700FAC2CE /* Base */ = {isa = PBXFileReference; lastKnownFileType = file.storyboard; name = Base; path = Base.lproj/Main.storyboard; sourceTree = "<group>"; };
		FA56A72024180C8C00FAC2CE /* Assets.xcassets */ = {isa = PBXFileReference; lastKnownFileType = folder.assetcatalog; path = Assets.xcassets; sourceTree = "<group>"; };
		FA56A72324180C8C00FAC2CE /* Base */ = {isa = PBXFileReference; lastKnownFileType = file.storyboard; name = Base; path = Base.lproj/LaunchScreen.storyboard; sourceTree = "<group>"; };
		FA56A72524180C8C00FAC2CE /* Info.plist */ = {isa = PBXFileReference; lastKnownFileType = text.plist.xml; path = Info.plist; sourceTree = "<group>"; };
		FA56A7372418113200FAC2CE /* BaseNavigationController.swift */ = {isa = PBXFileReference; lastKnownFileType = sourcecode.swift; path = BaseNavigationController.swift; sourceTree = "<group>"; };
		FA578EBD24292A790056D1B0 /* MapViewState.swift */ = {isa = PBXFileReference; lastKnownFileType = sourcecode.swift; path = MapViewState.swift; sourceTree = "<group>"; };
		FA578EC024292E3E0056D1B0 /* UserAnnotationView.swift */ = {isa = PBXFileReference; lastKnownFileType = sourcecode.swift; path = UserAnnotationView.swift; sourceTree = "<group>"; };
		FA578EC32429310E0056D1B0 /* MapEffects.swift */ = {isa = PBXFileReference; lastKnownFileType = sourcecode.swift; path = MapEffects.swift; sourceTree = "<group>"; };
		FA578EC6242931540056D1B0 /* MapError.swift */ = {isa = PBXFileReference; lastKnownFileType = sourcecode.swift; path = MapError.swift; sourceTree = "<group>"; };
		FA578EC82429315E0056D1B0 /* MapState.swift */ = {isa = PBXFileReference; lastKnownFileType = sourcecode.swift; path = MapState.swift; sourceTree = "<group>"; };
		FA578ECA242932AB0056D1B0 /* MapEvents.swift */ = {isa = PBXFileReference; lastKnownFileType = sourcecode.swift; path = MapEvents.swift; sourceTree = "<group>"; };
		FA5D3933242FAE1E00A8DD3E /* ContactsCell.swift */ = {isa = PBXFileReference; lastKnownFileType = sourcecode.swift; path = ContactsCell.swift; sourceTree = "<group>"; };
		FA5E000C242D35D3005BC5B1 /* Saint-Petersburg,Russia.gpx */ = {isa = PBXFileReference; lastKnownFileType = text.xml; name = "Saint-Petersburg,Russia.gpx"; path = "MuseumGuide/SupportingFiles/Saint-Petersburg,Russia.gpx"; sourceTree = SOURCE_ROOT; };
		FA5E0036242E4D93005BC5B1 /* MuseumHeaderView.swift */ = {isa = PBXFileReference; lastKnownFileType = sourcecode.swift; path = MuseumHeaderView.swift; sourceTree = "<group>"; };
		FA5E0039242E4F54005BC5B1 /* ShapeCell.swift */ = {isa = PBXFileReference; lastKnownFileType = sourcecode.swift; path = ShapeCell.swift; sourceTree = "<group>"; };
		FA5E003B242E5429005BC5B1 /* TestData.swift */ = {isa = PBXFileReference; lastKnownFileType = sourcecode.swift; path = TestData.swift; sourceTree = "<group>"; };
		FA5E003D242F5B6D005BC5B1 /* MuseumCell.swift */ = {isa = PBXFileReference; lastKnownFileType = sourcecode.swift; path = MuseumCell.swift; sourceTree = "<group>"; };
		FA730206241975EA00BFF567 /* ContainerView.swift */ = {isa = PBXFileReference; lastKnownFileType = sourcecode.swift; path = ContainerView.swift; sourceTree = "<group>"; };
		FA7302082419762800BFF567 /* ContainerAssembly.swift */ = {isa = PBXFileReference; lastKnownFileType = sourcecode.swift; path = ContainerAssembly.swift; sourceTree = "<group>"; };
		FA73021224197BA500BFF567 /* BottomTabBar.swift */ = {isa = PBXFileReference; lastKnownFileType = sourcecode.swift; path = BottomTabBar.swift; sourceTree = "<group>"; };
		FA95FED4241828D5005C0832 /* AppFramework.swift */ = {isa = PBXFileReference; lastKnownFileType = sourcecode.swift; path = AppFramework.swift; sourceTree = "<group>"; };
		FA95FED724182A12005C0832 /* MapView.swift */ = {isa = PBXFileReference; lastKnownFileType = sourcecode.swift; path = MapView.swift; sourceTree = "<group>"; };
		FA95FEDA24182ABF005C0832 /* AppCoordinator.swift */ = {isa = PBXFileReference; lastKnownFileType = sourcecode.swift; path = AppCoordinator.swift; sourceTree = "<group>"; };
		FA95FEDD24182B1D005C0832 /* Loggable.swift */ = {isa = PBXFileReference; lastKnownFileType = sourcecode.swift; path = Loggable.swift; sourceTree = "<group>"; };
		FA95FEDF24182E3B005C0832 /* AppRouter.swift */ = {isa = PBXFileReference; lastKnownFileType = sourcecode.swift; path = AppRouter.swift; sourceTree = "<group>"; };
		FA95FEE124182F87005C0832 /* MapAssembly.swift */ = {isa = PBXFileReference; lastKnownFileType = sourcecode.swift; path = MapAssembly.swift; sourceTree = "<group>"; };
		FA95FEE4241830C7005C0832 /* UIViewController+Load.swift */ = {isa = PBXFileReference; lastKnownFileType = sourcecode.swift; path = "UIViewController+Load.swift"; sourceTree = "<group>"; };
		FA95FEE62418B61D005C0832 /* DependenciesConfiguration.swift */ = {isa = PBXFileReference; lastKnownFileType = sourcecode.swift; path = DependenciesConfiguration.swift; sourceTree = "<group>"; };
		FA95FEE92418C049005C0832 /* WindowRouter.swift */ = {isa = PBXFileReference; lastKnownFileType = sourcecode.swift; path = WindowRouter.swift; sourceTree = "<group>"; };
		FA9A2656241E302100386AE6 /* ContainerPresenter.swift */ = {isa = PBXFileReference; lastKnownFileType = sourcecode.swift; path = ContainerPresenter.swift; sourceTree = "<group>"; };
		FA9A2658241E303100386AE6 /* ContainerRouter.swift */ = {isa = PBXFileReference; lastKnownFileType = sourcecode.swift; path = ContainerRouter.swift; sourceTree = "<group>"; };
		FA9A265A241E305600386AE6 /* ContainerContracts.swift */ = {isa = PBXFileReference; lastKnownFileType = sourcecode.swift; path = ContainerContracts.swift; sourceTree = "<group>"; };
		FA9A265C241E318400386AE6 /* PushRouter.swift */ = {isa = PBXFileReference; lastKnownFileType = sourcecode.swift; path = PushRouter.swift; sourceTree = "<group>"; };
		FA9A265E241E31FE00386AE6 /* ModalRouter.swift */ = {isa = PBXFileReference; lastKnownFileType = sourcecode.swift; path = ModalRouter.swift; sourceTree = "<group>"; };
		FA9A2660241E333400386AE6 /* VIPERRouter.swift */ = {isa = PBXFileReference; lastKnownFileType = sourcecode.swift; path = VIPERRouter.swift; sourceTree = "<group>"; };
		FA9A2662241E339200386AE6 /* ErrorHandling.swift */ = {isa = PBXFileReference; lastKnownFileType = sourcecode.swift; path = ErrorHandling.swift; sourceTree = "<group>"; };
		FA9A2664241E33CA00386AE6 /* Typealiases.swift */ = {isa = PBXFileReference; lastKnownFileType = sourcecode.swift; path = Typealiases.swift; sourceTree = "<group>"; };
		FA9A2666241E35C100386AE6 /* ViewControllerEventHandler.swift */ = {isa = PBXFileReference; lastKnownFileType = sourcecode.swift; path = ViewControllerEventHandler.swift; sourceTree = "<group>"; };
		FA9DFF7A241E6667008A3C4D /* AlertErrorHandler.swift */ = {isa = PBXFileReference; lastKnownFileType = sourcecode.swift; path = AlertErrorHandler.swift; sourceTree = "<group>"; };
		FA9DFF7C241E67F7008A3C4D /* UIWindow+VisibleVc.swift */ = {isa = PBXFileReference; lastKnownFileType = sourcecode.swift; path = "UIWindow+VisibleVc.swift"; sourceTree = "<group>"; };
		FA9DFF7E241E6BD2008A3C4D /* UIApplication+VisibleVC.swift */ = {isa = PBXFileReference; lastKnownFileType = sourcecode.swift; path = "UIApplication+VisibleVC.swift"; sourceTree = "<group>"; };
		FAB0109424263F840015D43E /* Result.swift */ = {isa = PBXFileReference; lastKnownFileType = sourcecode.swift; path = Result.swift; sourceTree = "<group>"; };
		FAB01097242640D60015D43E /* LocationService.swift */ = {isa = PBXFileReference; lastKnownFileType = sourcecode.swift; path = LocationService.swift; sourceTree = "<group>"; };
		FAB010992426415C0015D43E /* ServiceRequest.swift */ = {isa = PBXFileReference; lastKnownFileType = sourcecode.swift; path = ServiceRequest.swift; sourceTree = "<group>"; };
		FAB0109B2426424B0015D43E /* ServiceHandler.swift */ = {isa = PBXFileReference; lastKnownFileType = sourcecode.swift; path = ServiceHandler.swift; sourceTree = "<group>"; };
		FAB0109E242644690015D43E /* State.swift */ = {isa = PBXFileReference; lastKnownFileType = sourcecode.swift; path = State.swift; sourceTree = "<group>"; };
		FAB010A02426454B0015D43E /* LocationState.swift */ = {isa = PBXFileReference; lastKnownFileType = sourcecode.swift; path = LocationState.swift; sourceTree = "<group>"; };
		FAB010A2242648950015D43E /* EffectHandler.swift */ = {isa = PBXFileReference; lastKnownFileType = sourcecode.swift; path = EffectHandler.swift; sourceTree = "<group>"; };
		FAB010A424264A5B0015D43E /* LocationEffects.swift */ = {isa = PBXFileReference; lastKnownFileType = sourcecode.swift; path = LocationEffects.swift; sourceTree = "<group>"; };
		FAB010A6242655700015D43E /* LocationError.swift */ = {isa = PBXFileReference; lastKnownFileType = sourcecode.swift; path = LocationError.swift; sourceTree = "<group>"; };
		FAB010A8242662D30015D43E /* EventSource.swift */ = {isa = PBXFileReference; lastKnownFileType = sourcecode.swift; path = EventSource.swift; sourceTree = "<group>"; };
		FAB010AA242694340015D43E /* Store.swift */ = {isa = PBXFileReference; lastKnownFileType = sourcecode.swift; path = Store.swift; sourceTree = "<group>"; };
		FAB010AC2427C74A0015D43E /* LocationEvents.swift */ = {isa = PBXFileReference; lastKnownFileType = sourcecode.swift; path = LocationEvents.swift; sourceTree = "<group>"; };
		FAB010AE2427D43D0015D43E /* MapPresenter.swift */ = {isa = PBXFileReference; lastKnownFileType = sourcecode.swift; path = MapPresenter.swift; sourceTree = "<group>"; };
		FAB010B02427D4460015D43E /* MapRouter.swift */ = {isa = PBXFileReference; lastKnownFileType = sourcecode.swift; path = MapRouter.swift; sourceTree = "<group>"; };
		FAB010B22427D4C90015D43E /* MapContracts.swift */ = {isa = PBXFileReference; lastKnownFileType = sourcecode.swift; path = MapContracts.swift; sourceTree = "<group>"; };
		FAB010B42427E9750015D43E /* ViewState.swift */ = {isa = PBXFileReference; lastKnownFileType = sourcecode.swift; path = ViewState.swift; sourceTree = "<group>"; };
		FAF387C1242934CD00D1F5AF /* NetworkService.swift */ = {isa = PBXFileReference; lastKnownFileType = sourcecode.swift; path = NetworkService.swift; sourceTree = "<group>"; };
		FAF387C42429496A00D1F5AF /* APIRequest.swift */ = {isa = PBXFileReference; lastKnownFileType = sourcecode.swift; path = APIRequest.swift; sourceTree = "<group>"; };
/* End PBXFileReference section */

/* Begin PBXFrameworksBuildPhase section */
		FA56A71124180C8700FAC2CE /* Frameworks */ = {
			isa = PBXFrameworksBuildPhase;
			buildActionMask = 2147483647;
			files = (
				FA9A2651241E247D00386AE6 /* Pods_MuseumGuide.framework in Frameworks */,
			);
			runOnlyForDeploymentPostprocessing = 0;
		};
/* End PBXFrameworksBuildPhase section */

/* Begin PBXGroup section */
		750D80A2532B10BD07339177 /* Frameworks */ = {
			isa = PBXGroup;
			children = (
				17422BDE0F1ED4EC57387692 /* Pods_MuseumGuide.framework */,
			);
			name = Frameworks;
			sourceTree = "<group>";
		};
		9D03AF33811105143C931F6E /* Pods */ = {
			isa = PBXGroup;
			children = (
				5B3A5D8746865A8DDB8CC4A0 /* Pods-MuseumGuide.debug.xcconfig */,
				5D764358FAB8A04773B54F47 /* Pods-MuseumGuide.release.xcconfig */,
			);
			path = Pods;
			sourceTree = "<group>";
		};
		FA006FC42430F24B007F4D02 /* Workers */ = {
			isa = PBXGroup;
			children = (
				FA006FC22430F245007F4D02 /* InformationTableViewWorker.swift */,
				FA006FC52430F798007F4D02 /* InformationViewWorker.swift */,
			);
			path = Workers;
			sourceTree = "<group>";
		};
		FA006FC72430FD19007F4D02 /* Models */ = {
			isa = PBXGroup;
			children = (
				FA006FC82430FD57007F4D02 /* CellModel.swift */,
			);
			path = Models;
			sourceTree = "<group>";
		};
		FA006FD724315B7C007F4D02 /* TypesView */ = {
			isa = PBXGroup;
			children = (
				FA006FD824315B8A007F4D02 /* TypesView.swift */,
				FA006FDA2432209B007F4D02 /* TypeCell.swift */,
			);
			path = TypesView;
			sourceTree = "<group>";
		};
		FA07C727242B726400CF2A01 /* Models */ = {
			isa = PBXGroup;
			children = (
				FA07C735242BDFB100CF2A01 /* Response */,
				FAF387C32429487000D1F5AF /* Request */,
				FA07C72A242B728700CF2A01 /* Error */,
				FA07C72D242B72B300CF2A01 /* Environment */,
			);
			path = Models;
			sourceTree = "<group>";
		};
		FA07C72A242B728700CF2A01 /* Error */ = {
			isa = PBXGroup;
			children = (
				FA07C72B242B729600CF2A01 /* NetworkError.swift */,
			);
			path = Error;
			sourceTree = "<group>";
		};
		FA07C72D242B72B300CF2A01 /* Environment */ = {
			isa = PBXGroup;
			children = (
				FA07C728242B727200CF2A01 /* NetworkEnvironment.swift */,
			);
			path = Environment;
			sourceTree = "<group>";
		};
		FA07C730242BDF3200CF2A01 /* ParameterEncoders */ = {
			isa = PBXGroup;
			children = (
				FA07C723242A80E600CF2A01 /* URLParameterEncoder.swift */,
				FA07C731242BDF5C00CF2A01 /* JSONParameterEncoder.swift */,
			);
			path = ParameterEncoders;
			sourceTree = "<group>";
		};
		FA07C735242BDFB100CF2A01 /* Response */ = {
			isa = PBXGroup;
			children = (
				FA07C736242BDFC300CF2A01 /* Response.swift */,
			);
			path = Response;
			sourceTree = "<group>";
		};
		FA07C738242BDFFA00CF2A01 /* NetworkManager */ = {
			isa = PBXGroup;
			children = (
				FA07C725242B717400CF2A01 /* NetworkManager.swift */,
			);
			path = NetworkManager;
			sourceTree = "<group>";
		};
		FA2AD40C241ACF41004B2DEE /* BottomTabBarButton */ = {
			isa = PBXGroup;
			children = (
				FA2AD40D241ACF75004B2DEE /* BottomTabBarButton.swift */,
			);
			path = BottomTabBarButton;
			sourceTree = "<group>";
		};
		FA3B839924181D3200EA979D /* Storyboards */ = {
			isa = PBXGroup;
			children = (
				FA56A71D24180C8700FAC2CE /* Main.storyboard */,
			);
			path = Storyboards;
			sourceTree = "<group>";
		};
		FA56A70B24180C8700FAC2CE = {
			isa = PBXGroup;
			children = (
				FA56A71624180C8700FAC2CE /* MuseumGuide */,
				FA56A71524180C8700FAC2CE /* Products */,
				9D03AF33811105143C931F6E /* Pods */,
				750D80A2532B10BD07339177 /* Frameworks */,
			);
			sourceTree = "<group>";
		};
		FA56A71524180C8700FAC2CE /* Products */ = {
			isa = PBXGroup;
			children = (
				FA56A71424180C8700FAC2CE /* MuseumGuide.app */,
			);
			name = Products;
			sourceTree = "<group>";
		};
		FA56A71624180C8700FAC2CE /* MuseumGuide */ = {
			isa = PBXGroup;
			children = (
				FA9DFF78241E6631008A3C4D /* ServiceLayer */,
				FA56A73224180EF100FAC2CE /* Common */,
				FA56A73124180EE900FAC2CE /* Modules */,
				FA56A73024180EA900FAC2CE /* PresentationLayer */,
				FA56A72F24180E9800FAC2CE /* SupportingFiles */,
				FA56A72E24180E1A00FAC2CE /* Resources */,
				FA56A72B24180CDD00FAC2CE /* Application Layer */,
				FA56A72224180C8C00FAC2CE /* LaunchScreen.storyboard */,
			);
			path = MuseumGuide;
			sourceTree = "<group>";
		};
		FA56A72B24180CDD00FAC2CE /* Application Layer */ = {
			isa = PBXGroup;
			children = (
				FA95FEE32418309F005C0832 /* Extensions */,
				FA95FEDC24182B11005C0832 /* Protocols */,
				FA95FED32418288F005C0832 /* Dependencies */,
				FA56A72D24180D3400FAC2CE /* SceneDelegate */,
				FA56A72C24180CEE00FAC2CE /* AppDelegate */,
			);
			path = "Application Layer";
			sourceTree = "<group>";
		};
		FA56A72C24180CEE00FAC2CE /* AppDelegate */ = {
			isa = PBXGroup;
			children = (
				FA56A71724180C8700FAC2CE /* AppDelegate.swift */,
			);
			path = AppDelegate;
			sourceTree = "<group>";
		};
		FA56A72D24180D3400FAC2CE /* SceneDelegate */ = {
			isa = PBXGroup;
			children = (
				FA56A71924180C8700FAC2CE /* SceneDelegate.swift */,
			);
			path = SceneDelegate;
			sourceTree = "<group>";
		};
		FA56A72E24180E1A00FAC2CE /* Resources */ = {
			isa = PBXGroup;
			children = (
				FA56A72024180C8C00FAC2CE /* Assets.xcassets */,
			);
			path = Resources;
			sourceTree = "<group>";
		};
		FA56A72F24180E9800FAC2CE /* SupportingFiles */ = {
			isa = PBXGroup;
			children = (
				FA5E000C242D35D3005BC5B1 /* Saint-Petersburg,Russia.gpx */,
				FA56A72524180C8C00FAC2CE /* Info.plist */,
			);
			path = SupportingFiles;
			sourceTree = "<group>";
		};
		FA56A73024180EA900FAC2CE /* PresentationLayer */ = {
			isa = PBXGroup;
			children = (
				FA578EC224292E5B0056D1B0 /* Map */,
				FA2AD40C241ACF41004B2DEE /* BottomTabBarButton */,
				FA73021124197B8400BFF567 /* BottomTabBar */,
				FA3B839924181D3200EA979D /* Storyboards */,
				FA56A73324180F3F00FAC2CE /* BaseClasses */,
				FA006FCF24313228007F4D02 /* PagingScroll.swift */,
			);
			path = PresentationLayer;
			sourceTree = "<group>";
		};
		FA56A73124180EE900FAC2CE /* Modules */ = {
			isa = PBXGroup;
			children = (
				FA006FC72430FD19007F4D02 /* Models */,
				FA730205241975BD00BFF567 /* Container */,
				FA95FED6241829F8005C0832 /* Map */,
			);
			path = Modules;
			sourceTree = "<group>";
		};
		FA56A73224180EF100FAC2CE /* Common */ = {
			isa = PBXGroup;
			children = (
			);
			path = Common;
			sourceTree = "<group>";
		};
		FA56A73324180F3F00FAC2CE /* BaseClasses */ = {
			isa = PBXGroup;
			children = (
				FA95FEE82418C03B005C0832 /* Router */,
				FA56A735241810F600FAC2CE /* BaseViewController */,
				FA56A7362418110100FAC2CE /* BaseNavigationViewController */,
			);
			path = BaseClasses;
			sourceTree = "<group>";
		};
		FA56A735241810F600FAC2CE /* BaseViewController */ = {
			isa = PBXGroup;
			children = (
				FA56A71B24180C8700FAC2CE /* BaseViewController.swift */,
			);
			path = BaseViewController;
			sourceTree = "<group>";
		};
		FA56A7362418110100FAC2CE /* BaseNavigationViewController */ = {
			isa = PBXGroup;
			children = (
				FA56A7372418113200FAC2CE /* BaseNavigationController.swift */,
			);
			path = BaseNavigationViewController;
			sourceTree = "<group>";
		};
		FA578EBF24292E230056D1B0 /* UserAnnotationView */ = {
			isa = PBXGroup;
			children = (
				FA578EC024292E3E0056D1B0 /* UserAnnotationView.swift */,
			);
			path = UserAnnotationView;
			sourceTree = "<group>";
		};
		FA578EC224292E5B0056D1B0 /* Map */ = {
			isa = PBXGroup;
			children = (
				FA578EBF24292E230056D1B0 /* UserAnnotationView */,
			);
			path = Map;
			sourceTree = "<group>";
		};
		FA578EC5242931320056D1B0 /* State */ = {
			isa = PBXGroup;
			children = (
				FA578EBD24292A790056D1B0 /* MapViewState.swift */,
				FA578EC32429310E0056D1B0 /* MapEffects.swift */,
				FA578EC6242931540056D1B0 /* MapError.swift */,
				FA578EC82429315E0056D1B0 /* MapState.swift */,
				FA578ECA242932AB0056D1B0 /* MapEvents.swift */,
			);
			path = State;
			sourceTree = "<group>";
		};
		FA5E0038242E4F22005BC5B1 /* PullingVIew */ = {
			isa = PBXGroup;
			children = (
				FA5E0036242E4D93005BC5B1 /* MuseumHeaderView.swift */,
				FA5E003B242E5429005BC5B1 /* TestData.swift */,
				FA5E0039242E4F54005BC5B1 /* ShapeCell.swift */,
				FA5E003D242F5B6D005BC5B1 /* MuseumCell.swift */,
				FA5D3933242FAE1E00A8DD3E /* ContactsCell.swift */,
			);
			path = PullingVIew;
			sourceTree = "<group>";
		};
		FA730205241975BD00BFF567 /* Container */ = {
			isa = PBXGroup;
			children = (
				FA730206241975EA00BFF567 /* ContainerView.swift */,
				FA7302082419762800BFF567 /* ContainerAssembly.swift */,
				FA9A2656241E302100386AE6 /* ContainerPresenter.swift */,
				FA9A2658241E303100386AE6 /* ContainerRouter.swift */,
				FA9A265A241E305600386AE6 /* ContainerContracts.swift */,
			);
			path = Container;
			sourceTree = "<group>";
		};
		FA73021124197B8400BFF567 /* BottomTabBar */ = {
			isa = PBXGroup;
			children = (
				FA73021224197BA500BFF567 /* BottomTabBar.swift */,
			);
			path = BottomTabBar;
			sourceTree = "<group>";
		};
		FA95FED32418288F005C0832 /* Dependencies */ = {
			isa = PBXGroup;
			children = (
				FA95FED4241828D5005C0832 /* AppFramework.swift */,
				FA95FEDA24182ABF005C0832 /* AppCoordinator.swift */,
				FA95FEDF24182E3B005C0832 /* AppRouter.swift */,
				FA95FEE62418B61D005C0832 /* DependenciesConfiguration.swift */,
			);
			path = Dependencies;
			sourceTree = "<group>";
		};
		FA95FED6241829F8005C0832 /* Map */ = {
			isa = PBXGroup;
			children = (
				FA006FD724315B7C007F4D02 /* TypesView */,
				FA006FC42430F24B007F4D02 /* Workers */,
				FA578EC5242931320056D1B0 /* State */,
				FA95FED724182A12005C0832 /* MapView.swift */,
				FA95FEE124182F87005C0832 /* MapAssembly.swift */,
				FAB010AE2427D43D0015D43E /* MapPresenter.swift */,
				FAB010B02427D4460015D43E /* MapRouter.swift */,
				FAB010B22427D4C90015D43E /* MapContracts.swift */,
				FA5E0038242E4F22005BC5B1 /* PullingVIew */,
			);
			path = Map;
			sourceTree = "<group>";
		};
		FA95FEDC24182B11005C0832 /* Protocols */ = {
			isa = PBXGroup;
			children = (
				FA95FEDD24182B1D005C0832 /* Loggable.swift */,
				FA9A2662241E339200386AE6 /* ErrorHandling.swift */,
				FA9A2664241E33CA00386AE6 /* Typealiases.swift */,
				FA9A2666241E35C100386AE6 /* ViewControllerEventHandler.swift */,
				FA07C72E242BBA3200CF2A01 /* Service.swift */,
				FA07C733242BDF7F00CF2A01 /* ParameterEncoder.swift */,
			);
			name = Protocols;
			sourceTree = "<group>";
		};
		FA95FEE32418309F005C0832 /* Extensions */ = {
			isa = PBXGroup;
			children = (
				FA95FEE4241830C7005C0832 /* UIViewController+Load.swift */,
				FA0F220B241D06BA0087B96D /* UITabBarItem+Layout.swift */,
				FA0F220D241D0CEE0087B96D /* CGFloat+Degrees.swift */,
				FA9DFF7C241E67F7008A3C4D /* UIWindow+VisibleVc.swift */,
				FA9DFF7E241E6BD2008A3C4D /* UIApplication+VisibleVC.swift */,
				FA500857242BEA37001505E7 /* String+EmtyLine.swift */,
				FA006FC0242FE8A5007F4D02 /* String+NumberFormatter.swift */,
				FA006FCD243124B8007F4D02 /* DrawerView+InteractionState.swift */,
				FA006FD1243133FE007F4D02 /* CGPoint+Distance.swift */,
				FA006FD32431341C007F4D02 /* Comparable+Clamp.swift */,
				FA006FD5243134B9007F4D02 /* FloatingPoint+Project.swift */,
				FA0360F32433C5F500A1F56F /* UIView+Bounce.swift */,
			);
			path = Extensions;
			sourceTree = "<group>";
		};
		FA95FEE82418C03B005C0832 /* Router */ = {
			isa = PBXGroup;
			children = (
				FA95FEE92418C049005C0832 /* WindowRouter.swift */,
				FA9A265C241E318400386AE6 /* PushRouter.swift */,
				FA9A265E241E31FE00386AE6 /* ModalRouter.swift */,
				FA9A2660241E333400386AE6 /* VIPERRouter.swift */,
			);
			path = Router;
			sourceTree = "<group>";
		};
		FA9DFF78241E6631008A3C4D /* ServiceLayer */ = {
			isa = PBXGroup;
			children = (
				FAB0109D242644510015D43E /* StateBaseClasses */,
				FAF387C0242934BA00D1F5AF /* NetworkService */,
				FAB01096242640810015D43E /* Geolocation */,
				FAB0109324263F4B0015D43E /* Result */,
				FA9DFF79241E663E008A3C4D /* ErrorHandling */,
			);
			path = ServiceLayer;
			sourceTree = "<group>";
		};
		FA9DFF79241E663E008A3C4D /* ErrorHandling */ = {
			isa = PBXGroup;
			children = (
				FA9DFF7A241E6667008A3C4D /* AlertErrorHandler.swift */,
			);
			path = ErrorHandling;
			sourceTree = "<group>";
		};
		FAB0109324263F4B0015D43E /* Result */ = {
			isa = PBXGroup;
			children = (
				FAB0109424263F840015D43E /* Result.swift */,
				FAB010992426415C0015D43E /* ServiceRequest.swift */,
				FAB0109B2426424B0015D43E /* ServiceHandler.swift */,
			);
			path = Result;
			sourceTree = "<group>";
		};
		FAB01096242640810015D43E /* Geolocation */ = {
			isa = PBXGroup;
			children = (
				FAB01097242640D60015D43E /* LocationService.swift */,
				FAB010A02426454B0015D43E /* LocationState.swift */,
				FAB010A424264A5B0015D43E /* LocationEffects.swift */,
				FAB010A6242655700015D43E /* LocationError.swift */,
				FAB010AC2427C74A0015D43E /* LocationEvents.swift */,
			);
			path = Geolocation;
			sourceTree = "<group>";
		};
		FAB0109D242644510015D43E /* StateBaseClasses */ = {
			isa = PBXGroup;
			children = (
				FAB0109E242644690015D43E /* State.swift */,
				FAB010A2242648950015D43E /* EffectHandler.swift */,
				FAB010A8242662D30015D43E /* EventSource.swift */,
				FAB010AA242694340015D43E /* Store.swift */,
				FAB010B42427E9750015D43E /* ViewState.swift */,
			);
			path = StateBaseClasses;
			sourceTree = "<group>";
		};
		FAF387C0242934BA00D1F5AF /* NetworkService */ = {
			isa = PBXGroup;
			children = (
				FAF387C1242934CD00D1F5AF /* NetworkService.swift */,
				FA07C738242BDFFA00CF2A01 /* NetworkManager */,
				FA07C730242BDF3200CF2A01 /* ParameterEncoders */,
				FA07C727242B726400CF2A01 /* Models */,
			);
			path = NetworkService;
			sourceTree = "<group>";
		};
		FAF387C32429487000D1F5AF /* Request */ = {
			isa = PBXGroup;
			children = (
				FAF387C42429496A00D1F5AF /* APIRequest.swift */,
				FA07C739242BE10700CF2A01 /* TestAPI.swift */,
			);
			path = Request;
			sourceTree = "<group>";
		};
/* End PBXGroup section */

/* Begin PBXNativeTarget section */
		FA56A71324180C8700FAC2CE /* MuseumGuide */ = {
			isa = PBXNativeTarget;
			buildConfigurationList = FA56A72824180C8C00FAC2CE /* Build configuration list for PBXNativeTarget "MuseumGuide" */;
			buildPhases = (
				631AFD2E57529BA8B9778856 /* [CP] Check Pods Manifest.lock */,
				FA56A71024180C8700FAC2CE /* Sources */,
				FA56A71124180C8700FAC2CE /* Frameworks */,
				FA56A71224180C8700FAC2CE /* Resources */,
				8833F7BF06CD8151FF6C96F6 /* [CP] Embed Pods Frameworks */,
				FA9A2653241E247D00386AE6 /* Embed Frameworks */,
			);
			buildRules = (
			);
			dependencies = (
			);
			name = MuseumGuide;
			productName = MuseumGuide;
			productReference = FA56A71424180C8700FAC2CE /* MuseumGuide.app */;
			productType = "com.apple.product-type.application";
		};
/* End PBXNativeTarget section */

/* Begin PBXProject section */
		FA56A70C24180C8700FAC2CE /* Project object */ = {
			isa = PBXProject;
			attributes = {
				KnownAssetTags = (
					bottomTabBar,
				);
				LastSwiftUpdateCheck = 1110;
				LastUpgradeCheck = 1110;
				ORGANIZATIONNAME = Alex;
				TargetAttributes = {
					FA56A71324180C8700FAC2CE = {
						CreatedOnToolsVersion = 11.1;
					};
				};
			};
			buildConfigurationList = FA56A70F24180C8700FAC2CE /* Build configuration list for PBXProject "MuseumGuide" */;
			compatibilityVersion = "Xcode 9.3";
			developmentRegion = en;
			hasScannedForEncodings = 0;
			knownRegions = (
				en,
				Base,
			);
			mainGroup = FA56A70B24180C8700FAC2CE;
			productRefGroup = FA56A71524180C8700FAC2CE /* Products */;
			projectDirPath = "";
			projectRoot = "";
			targets = (
				FA56A71324180C8700FAC2CE /* MuseumGuide */,
			);
		};
/* End PBXProject section */

/* Begin PBXResourcesBuildPhase section */
		FA56A71224180C8700FAC2CE /* Resources */ = {
			isa = PBXResourcesBuildPhase;
			buildActionMask = 2147483647;
			files = (
				FA56A72424180C8C00FAC2CE /* LaunchScreen.storyboard in Resources */,
				FA56A72124180C8C00FAC2CE /* Assets.xcassets in Resources */,
				FA56A71F24180C8700FAC2CE /* Main.storyboard in Resources */,
			);
			runOnlyForDeploymentPostprocessing = 0;
		};
/* End PBXResourcesBuildPhase section */

/* Begin PBXShellScriptBuildPhase section */
		631AFD2E57529BA8B9778856 /* [CP] Check Pods Manifest.lock */ = {
			isa = PBXShellScriptBuildPhase;
			buildActionMask = 2147483647;
			files = (
			);
			inputFileListPaths = (
			);
			inputPaths = (
				"${PODS_PODFILE_DIR_PATH}/Podfile.lock",
				"${PODS_ROOT}/Manifest.lock",
			);
			name = "[CP] Check Pods Manifest.lock";
			outputFileListPaths = (
			);
			outputPaths = (
				"$(DERIVED_FILE_DIR)/Pods-MuseumGuide-checkManifestLockResult.txt",
			);
			runOnlyForDeploymentPostprocessing = 0;
			shellPath = /bin/sh;
			shellScript = "diff \"${PODS_PODFILE_DIR_PATH}/Podfile.lock\" \"${PODS_ROOT}/Manifest.lock\" > /dev/null\nif [ $? != 0 ] ; then\n    # print error to STDERR\n    echo \"error: The sandbox is not in sync with the Podfile.lock. Run 'pod install' or update your CocoaPods installation.\" >&2\n    exit 1\nfi\n# This output is used by Xcode 'outputs' to avoid re-running this script phase.\necho \"SUCCESS\" > \"${SCRIPT_OUTPUT_FILE_0}\"\n";
			showEnvVarsInLog = 0;
		};
		8833F7BF06CD8151FF6C96F6 /* [CP] Embed Pods Frameworks */ = {
			isa = PBXShellScriptBuildPhase;
			buildActionMask = 2147483647;
			files = (
			);
			inputFileListPaths = (
				"${PODS_ROOT}/Target Support Files/Pods-MuseumGuide/Pods-MuseumGuide-frameworks-${CONFIGURATION}-input-files.xcfilelist",
			);
			name = "[CP] Embed Pods Frameworks";
			outputFileListPaths = (
				"${PODS_ROOT}/Target Support Files/Pods-MuseumGuide/Pods-MuseumGuide-frameworks-${CONFIGURATION}-output-files.xcfilelist",
			);
			runOnlyForDeploymentPostprocessing = 0;
			shellPath = /bin/sh;
			shellScript = "\"${PODS_ROOT}/Target Support Files/Pods-MuseumGuide/Pods-MuseumGuide-frameworks.sh\"\n";
			showEnvVarsInLog = 0;
		};
/* End PBXShellScriptBuildPhase section */

/* Begin PBXSourcesBuildPhase section */
		FA56A71024180C8700FAC2CE /* Sources */ = {
			isa = PBXSourcesBuildPhase;
			buildActionMask = 2147483647;
			files = (
				FA006FD2243133FE007F4D02 /* CGPoint+Distance.swift in Sources */,
				FA07C726242B717400CF2A01 /* NetworkManager.swift in Sources */,
				FA95FEE5241830C7005C0832 /* UIViewController+Load.swift in Sources */,
				FA006FD42431341C007F4D02 /* Comparable+Clamp.swift in Sources */,
				FA07C729242B727200CF2A01 /* NetworkEnvironment.swift in Sources */,
				FA9DFF7B241E6667008A3C4D /* AlertErrorHandler.swift in Sources */,
				FAB010B32427D4C90015D43E /* MapContracts.swift in Sources */,
				FA95FEE72418B61D005C0832 /* DependenciesConfiguration.swift in Sources */,
				FA578EC92429315E0056D1B0 /* MapState.swift in Sources */,
				FAB010AF2427D43D0015D43E /* MapPresenter.swift in Sources */,
				FA56A71C24180C8700FAC2CE /* BaseViewController.swift in Sources */,
				FA5E003A242E4F54005BC5B1 /* ShapeCell.swift in Sources */,
				FA9A2657241E302100386AE6 /* ContainerPresenter.swift in Sources */,
				FA07C72C242B729600CF2A01 /* NetworkError.swift in Sources */,
				FA006FCE243124B8007F4D02 /* DrawerView+InteractionState.swift in Sources */,
				FA006FD6243134B9007F4D02 /* FloatingPoint+Project.swift in Sources */,
				FA578EC42429310E0056D1B0 /* MapEffects.swift in Sources */,
				FA07C734242BDF7F00CF2A01 /* ParameterEncoder.swift in Sources */,
				FA07C737242BDFC300CF2A01 /* Response.swift in Sources */,
				FA2AD40E241ACF75004B2DEE /* BottomTabBarButton.swift in Sources */,
				FA95FED824182A12005C0832 /* MapView.swift in Sources */,
				FAB010A12426454B0015D43E /* LocationState.swift in Sources */,
				FA5E0037242E4D93005BC5B1 /* MuseumHeaderView.swift in Sources */,
				FAB010B52427E9750015D43E /* ViewState.swift in Sources */,
				FA9DFF7D241E67F7008A3C4D /* UIWindow+VisibleVc.swift in Sources */,
				FA07C72F242BBA3200CF2A01 /* Service.swift in Sources */,
				FA95FEE224182F87005C0832 /* MapAssembly.swift in Sources */,
				FAB010A9242662D30015D43E /* EventSource.swift in Sources */,
				FA9A2659241E303100386AE6 /* ContainerRouter.swift in Sources */,
				FA006FC1242FE8A5007F4D02 /* String+NumberFormatter.swift in Sources */,
				FA500858242BEA37001505E7 /* String+EmtyLine.swift in Sources */,
				FA95FED5241828D5005C0832 /* AppFramework.swift in Sources */,
				FAF387C52429496A00D1F5AF /* APIRequest.swift in Sources */,
				FA9A265F241E31FE00386AE6 /* ModalRouter.swift in Sources */,
				FA95FEEA2418C049005C0832 /* WindowRouter.swift in Sources */,
				FA5E003E242F5B6D005BC5B1 /* MuseumCell.swift in Sources */,
				FA7302092419762800BFF567 /* ContainerAssembly.swift in Sources */,
				FAB010B12427D4460015D43E /* MapRouter.swift in Sources */,
				FA9A2661241E333400386AE6 /* VIPERRouter.swift in Sources */,
				FAB0109C2426424B0015D43E /* ServiceHandler.swift in Sources */,
				FA578EC7242931540056D1B0 /* MapError.swift in Sources */,
				FAB010A7242655700015D43E /* LocationError.swift in Sources */,
				FA56A71824180C8700FAC2CE /* AppDelegate.swift in Sources */,
				FA07C73A242BE10700CF2A01 /* TestAPI.swift in Sources */,
				FA56A71A24180C8700FAC2CE /* SceneDelegate.swift in Sources */,
				FA006FC92430FD57007F4D02 /* CellModel.swift in Sources */,
				FAB010AB242694340015D43E /* Store.swift in Sources */,
				FAB0109A2426415C0015D43E /* ServiceRequest.swift in Sources */,
				FAB0109524263F840015D43E /* Result.swift in Sources */,
				FA07C724242A80E600CF2A01 /* URLParameterEncoder.swift in Sources */,
				FA5E003C242E5429005BC5B1 /* TestData.swift in Sources */,
				FA9A2665241E33CA00386AE6 /* Typealiases.swift in Sources */,
				FA0F220C241D06BA0087B96D /* UITabBarItem+Layout.swift in Sources */,
				FA95FEE024182E3B005C0832 /* AppRouter.swift in Sources */,
				FAB0109F242644690015D43E /* State.swift in Sources */,
				FAB010AD2427C74A0015D43E /* LocationEvents.swift in Sources */,
				FA0360F42433C5F500A1F56F /* UIView+Bounce.swift in Sources */,
				FA07C732242BDF5C00CF2A01 /* JSONParameterEncoder.swift in Sources */,
				FA578ECB242932AB0056D1B0 /* MapEvents.swift in Sources */,
				FA9A2663241E339200386AE6 /* ErrorHandling.swift in Sources */,
				FAB010A524264A5B0015D43E /* LocationEffects.swift in Sources */,
				FA9A265B241E305600386AE6 /* ContainerContracts.swift in Sources */,
				FA006FD024313228007F4D02 /* PagingScroll.swift in Sources */,
				FAF387C2242934CD00D1F5AF /* NetworkService.swift in Sources */,
				FA56A7382418113200FAC2CE /* BaseNavigationController.swift in Sources */,
				FA73021324197BA500BFF567 /* BottomTabBar.swift in Sources */,
				FAB010A3242648950015D43E /* EffectHandler.swift in Sources */,
				FA578EBE24292A790056D1B0 /* MapViewState.swift in Sources */,
				FA006FC32430F245007F4D02 /* InformationTableViewWorker.swift in Sources */,
				FA95FEDE24182B1D005C0832 /* Loggable.swift in Sources */,
				FA9A265D241E318400386AE6 /* PushRouter.swift in Sources */,
				FA006FC62430F798007F4D02 /* InformationViewWorker.swift in Sources */,
				FA5D3934242FAE1E00A8DD3E /* ContactsCell.swift in Sources */,
				FA9A2667241E35C100386AE6 /* ViewControllerEventHandler.swift in Sources */,
				FA006FDB2432209B007F4D02 /* TypeCell.swift in Sources */,
				FAB01098242640D60015D43E /* LocationService.swift in Sources */,
				FA006FD924315B8A007F4D02 /* TypesView.swift in Sources */,
				FA578EC124292E3E0056D1B0 /* UserAnnotationView.swift in Sources */,
				FA9DFF7F241E6BD2008A3C4D /* UIApplication+VisibleVC.swift in Sources */,
				FA730207241975EA00BFF567 /* ContainerView.swift in Sources */,
				FA0F220E241D0CEE0087B96D /* CGFloat+Degrees.swift in Sources */,
				FA95FEDB24182ABF005C0832 /* AppCoordinator.swift in Sources */,
			);
			runOnlyForDeploymentPostprocessing = 0;
		};
/* End PBXSourcesBuildPhase section */

/* Begin PBXVariantGroup section */
		FA56A71D24180C8700FAC2CE /* Main.storyboard */ = {
			isa = PBXVariantGroup;
			children = (
				FA56A71E24180C8700FAC2CE /* Base */,
			);
			name = Main.storyboard;
			sourceTree = "<group>";
		};
		FA56A72224180C8C00FAC2CE /* LaunchScreen.storyboard */ = {
			isa = PBXVariantGroup;
			children = (
				FA56A72324180C8C00FAC2CE /* Base */,
			);
			name = LaunchScreen.storyboard;
			sourceTree = "<group>";
		};
/* End PBXVariantGroup section */

/* Begin XCBuildConfiguration section */
		FA56A72624180C8C00FAC2CE /* Debug */ = {
			isa = XCBuildConfiguration;
			buildSettings = {
				ALWAYS_SEARCH_USER_PATHS = NO;
				CLANG_ANALYZER_NONNULL = YES;
				CLANG_ANALYZER_NUMBER_OBJECT_CONVERSION = YES_AGGRESSIVE;
				CLANG_CXX_LANGUAGE_STANDARD = "gnu++14";
				CLANG_CXX_LIBRARY = "libc++";
				CLANG_ENABLE_MODULES = YES;
				CLANG_ENABLE_OBJC_ARC = YES;
				CLANG_ENABLE_OBJC_WEAK = YES;
				CLANG_WARN_BLOCK_CAPTURE_AUTORELEASING = YES;
				CLANG_WARN_BOOL_CONVERSION = YES;
				CLANG_WARN_COMMA = YES;
				CLANG_WARN_CONSTANT_CONVERSION = YES;
				CLANG_WARN_DEPRECATED_OBJC_IMPLEMENTATIONS = YES;
				CLANG_WARN_DIRECT_OBJC_ISA_USAGE = YES_ERROR;
				CLANG_WARN_DOCUMENTATION_COMMENTS = YES;
				CLANG_WARN_EMPTY_BODY = YES;
				CLANG_WARN_ENUM_CONVERSION = YES;
				CLANG_WARN_INFINITE_RECURSION = YES;
				CLANG_WARN_INT_CONVERSION = YES;
				CLANG_WARN_NON_LITERAL_NULL_CONVERSION = YES;
				CLANG_WARN_OBJC_IMPLICIT_RETAIN_SELF = YES;
				CLANG_WARN_OBJC_LITERAL_CONVERSION = YES;
				CLANG_WARN_OBJC_ROOT_CLASS = YES_ERROR;
				CLANG_WARN_RANGE_LOOP_ANALYSIS = YES;
				CLANG_WARN_STRICT_PROTOTYPES = YES;
				CLANG_WARN_SUSPICIOUS_MOVE = YES;
				CLANG_WARN_UNGUARDED_AVAILABILITY = YES_AGGRESSIVE;
				CLANG_WARN_UNREACHABLE_CODE = YES;
				CLANG_WARN__DUPLICATE_METHOD_MATCH = YES;
				COPY_PHASE_STRIP = NO;
				DEBUG_INFORMATION_FORMAT = dwarf;
				ENABLE_STRICT_OBJC_MSGSEND = YES;
				ENABLE_TESTABILITY = YES;
				GCC_C_LANGUAGE_STANDARD = gnu11;
				GCC_DYNAMIC_NO_PIC = NO;
				GCC_NO_COMMON_BLOCKS = YES;
				GCC_OPTIMIZATION_LEVEL = 0;
				GCC_PREPROCESSOR_DEFINITIONS = (
					"DEBUG=1",
					"$(inherited)",
				);
				GCC_WARN_64_TO_32_BIT_CONVERSION = YES;
				GCC_WARN_ABOUT_RETURN_TYPE = YES_ERROR;
				GCC_WARN_UNDECLARED_SELECTOR = YES;
				GCC_WARN_UNINITIALIZED_AUTOS = YES_AGGRESSIVE;
				GCC_WARN_UNUSED_FUNCTION = YES;
				GCC_WARN_UNUSED_VARIABLE = YES;
				IPHONEOS_DEPLOYMENT_TARGET = 13.1;
				MTL_ENABLE_DEBUG_INFO = INCLUDE_SOURCE;
				MTL_FAST_MATH = YES;
				ONLY_ACTIVE_ARCH = YES;
				SDKROOT = iphoneos;
				SWIFT_ACTIVE_COMPILATION_CONDITIONS = DEBUG;
				SWIFT_OPTIMIZATION_LEVEL = "-Onone";
			};
			name = Debug;
		};
		FA56A72724180C8C00FAC2CE /* Release */ = {
			isa = XCBuildConfiguration;
			buildSettings = {
				ALWAYS_SEARCH_USER_PATHS = NO;
				CLANG_ANALYZER_NONNULL = YES;
				CLANG_ANALYZER_NUMBER_OBJECT_CONVERSION = YES_AGGRESSIVE;
				CLANG_CXX_LANGUAGE_STANDARD = "gnu++14";
				CLANG_CXX_LIBRARY = "libc++";
				CLANG_ENABLE_MODULES = YES;
				CLANG_ENABLE_OBJC_ARC = YES;
				CLANG_ENABLE_OBJC_WEAK = YES;
				CLANG_WARN_BLOCK_CAPTURE_AUTORELEASING = YES;
				CLANG_WARN_BOOL_CONVERSION = YES;
				CLANG_WARN_COMMA = YES;
				CLANG_WARN_CONSTANT_CONVERSION = YES;
				CLANG_WARN_DEPRECATED_OBJC_IMPLEMENTATIONS = YES;
				CLANG_WARN_DIRECT_OBJC_ISA_USAGE = YES_ERROR;
				CLANG_WARN_DOCUMENTATION_COMMENTS = YES;
				CLANG_WARN_EMPTY_BODY = YES;
				CLANG_WARN_ENUM_CONVERSION = YES;
				CLANG_WARN_INFINITE_RECURSION = YES;
				CLANG_WARN_INT_CONVERSION = YES;
				CLANG_WARN_NON_LITERAL_NULL_CONVERSION = YES;
				CLANG_WARN_OBJC_IMPLICIT_RETAIN_SELF = YES;
				CLANG_WARN_OBJC_LITERAL_CONVERSION = YES;
				CLANG_WARN_OBJC_ROOT_CLASS = YES_ERROR;
				CLANG_WARN_RANGE_LOOP_ANALYSIS = YES;
				CLANG_WARN_STRICT_PROTOTYPES = YES;
				CLANG_WARN_SUSPICIOUS_MOVE = YES;
				CLANG_WARN_UNGUARDED_AVAILABILITY = YES_AGGRESSIVE;
				CLANG_WARN_UNREACHABLE_CODE = YES;
				CLANG_WARN__DUPLICATE_METHOD_MATCH = YES;
				COPY_PHASE_STRIP = NO;
				DEBUG_INFORMATION_FORMAT = "dwarf-with-dsym";
				ENABLE_NS_ASSERTIONS = NO;
				ENABLE_STRICT_OBJC_MSGSEND = YES;
				GCC_C_LANGUAGE_STANDARD = gnu11;
				GCC_NO_COMMON_BLOCKS = YES;
				GCC_WARN_64_TO_32_BIT_CONVERSION = YES;
				GCC_WARN_ABOUT_RETURN_TYPE = YES_ERROR;
				GCC_WARN_UNDECLARED_SELECTOR = YES;
				GCC_WARN_UNINITIALIZED_AUTOS = YES_AGGRESSIVE;
				GCC_WARN_UNUSED_FUNCTION = YES;
				GCC_WARN_UNUSED_VARIABLE = YES;
				IPHONEOS_DEPLOYMENT_TARGET = 13.1;
				MTL_ENABLE_DEBUG_INFO = NO;
				MTL_FAST_MATH = YES;
				SDKROOT = iphoneos;
				SWIFT_COMPILATION_MODE = wholemodule;
				SWIFT_OPTIMIZATION_LEVEL = "-O";
				VALIDATE_PRODUCT = YES;
			};
			name = Release;
		};
		FA56A72924180C8C00FAC2CE /* Debug */ = {
			isa = XCBuildConfiguration;
			baseConfigurationReference = 5B3A5D8746865A8DDB8CC4A0 /* Pods-MuseumGuide.debug.xcconfig */;
			buildSettings = {
				ASSETCATALOG_COMPILER_APPICON_NAME = "AppIcon-1";
				CODE_SIGN_IDENTITY = "Apple Development";
				CODE_SIGN_STYLE = Automatic;
				DEVELOPMENT_TEAM = CWCTLCYKBW;
				INFOPLIST_FILE = "$(SRCROOT)/MuseumGuide/SupportingFiles/Info.plist";
				IPHONEOS_DEPLOYMENT_TARGET = 13.2;
				LD_RUNPATH_SEARCH_PATHS = (
					"$(inherited)",
					"@executable_path/Frameworks",
				);
				MARKETING_VERSION = 0.1.0;
				PRODUCT_BUNDLE_IDENTIFIER = Alex.MuseumGuide;
				PRODUCT_NAME = "$(TARGET_NAME)";
				PROVISIONING_PROFILE_SPECIFIER = "";
				SWIFT_VERSION = 5.0;
				TARGETED_DEVICE_FAMILY = 1;
			};
			name = Debug;
		};
		FA56A72A24180C8C00FAC2CE /* Release */ = {
			isa = XCBuildConfiguration;
			baseConfigurationReference = 5D764358FAB8A04773B54F47 /* Pods-MuseumGuide.release.xcconfig */;
			buildSettings = {
				ASSETCATALOG_COMPILER_APPICON_NAME = "AppIcon-1";
				CODE_SIGN_IDENTITY = "Apple Development";
				CODE_SIGN_STYLE = Automatic;
				DEVELOPMENT_TEAM = CWCTLCYKBW;
				INFOPLIST_FILE = "$(SRCROOT)/MuseumGuide/SupportingFiles/Info.plist";
				IPHONEOS_DEPLOYMENT_TARGET = 13.2;
				LD_RUNPATH_SEARCH_PATHS = (
					"$(inherited)",
					"@executable_path/Frameworks",
				);
				MARKETING_VERSION = 0.1.0;
				PRODUCT_BUNDLE_IDENTIFIER = Alex.MuseumGuide;
				PRODUCT_NAME = "$(TARGET_NAME)";
				PROVISIONING_PROFILE_SPECIFIER = "";
				SWIFT_VERSION = 5.0;
				TARGETED_DEVICE_FAMILY = 1;
			};
			name = Release;
		};
/* End XCBuildConfiguration section */

/* Begin XCConfigurationList section */
		FA56A70F24180C8700FAC2CE /* Build configuration list for PBXProject "MuseumGuide" */ = {
			isa = XCConfigurationList;
			buildConfigurations = (
				FA56A72624180C8C00FAC2CE /* Debug */,
				FA56A72724180C8C00FAC2CE /* Release */,
			);
			defaultConfigurationIsVisible = 0;
			defaultConfigurationName = Release;
		};
		FA56A72824180C8C00FAC2CE /* Build configuration list for PBXNativeTarget "MuseumGuide" */ = {
			isa = XCConfigurationList;
			buildConfigurations = (
				FA56A72924180C8C00FAC2CE /* Debug */,
				FA56A72A24180C8C00FAC2CE /* Release */,
			);
			defaultConfigurationIsVisible = 0;
			defaultConfigurationName = Release;
		};
/* End XCConfigurationList section */
	};
	rootObject = FA56A70C24180C8700FAC2CE /* Project object */;
}
